// !$*UTF8*$!
{
	archiveVersion = 1;
	classes = {
	};
	objectVersion = 55;
	objects = {

/* Begin PBXBuildFile section */
		B0B09B917CE347EF839FB5E5 /* Pods_Bag_Pack.framework in Frameworks */ = {isa = PBXBuildFile; fileRef = 2D16D155FC6D0F403A62F531 /* Pods_Bag_Pack.framework */; };
		EB06254F2802FF8E001C248C /* CostTests.swift in Sources */ = {isa = PBXBuildFile; fileRef = EB06254E2802FF8E001C248C /* CostTests.swift */; };
		EB062551280302B4001C248C /* SettingsTest.swift in Sources */ = {isa = PBXBuildFile; fileRef = EB062550280302B4001C248C /* SettingsTest.swift */; };
		EB0625542803033D001C248C /* SettingsTableViewCell.swift in Sources */ = {isa = PBXBuildFile; fileRef = EB0625522803033D001C248C /* SettingsTableViewCell.swift */; };
		EB0625552803033D001C248C /* SettingsTableViewCell.xib in Resources */ = {isa = PBXBuildFile; fileRef = EB0625532803033D001C248C /* SettingsTableViewCell.xib */; };
		EB0A818627FDC8AB00314D58 /* Extensions.swift in Sources */ = {isa = PBXBuildFile; fileRef = EB0A818527FDC8AB00314D58 /* Extensions.swift */; };
		EB0A818F27FDD00000314D58 /* CostTableViewCell.swift in Sources */ = {isa = PBXBuildFile; fileRef = EB0A818D27FDD00000314D58 /* CostTableViewCell.swift */; };
		EB0A819027FDD00000314D58 /* CostTableViewCell.xib in Resources */ = {isa = PBXBuildFile; fileRef = EB0A818E27FDD00000314D58 /* CostTableViewCell.xib */; };
		EB4EC2C2280EE81D0027243F /* GeneralTests.swift in Sources */ = {isa = PBXBuildFile; fileRef = EB4EC2C1280EE81D0027243F /* GeneralTests.swift */; };
		EB553382281D5E5F007A8BDC /* AppleWelcomeScreen in Frameworks */ = {isa = PBXBuildFile; productRef = EB553381281D5E5F007A8BDC /* AppleWelcomeScreen */; };
		EB6468492805AF4A00CBB4C4 /* NewEntryViewController.swift in Sources */ = {isa = PBXBuildFile; fileRef = EB6468482805AF4A00CBB4C4 /* NewEntryViewController.swift */; };
		EB91DC4A27B7DA6600D094A0 /* EssentialTableViewCell.swift in Sources */ = {isa = PBXBuildFile; fileRef = EB91DC4827B7DA6600D094A0 /* EssentialTableViewCell.swift */; };
		EB91DC4B27B7DA6600D094A0 /* EssentialTableViewCell.xib in Resources */ = {isa = PBXBuildFile; fileRef = EB91DC4927B7DA6600D094A0 /* EssentialTableViewCell.xib */; };
		EB95016D27FAEBFE00AC10FA /* NetworkManager.swift in Sources */ = {isa = PBXBuildFile; fileRef = EB95016C27FAEBFE00AC10FA /* NetworkManager.swift */; };
		EBB058962802DFCD00743B1A /* SettingsViewController.swift in Sources */ = {isa = PBXBuildFile; fileRef = EBB058952802DFCD00743B1A /* SettingsViewController.swift */; };
		EBCCE25028100BE2004DFCBB /* Array+Extensions.swift in Sources */ = {isa = PBXBuildFile; fileRef = EBCCE20128100BE2004DFCBB /* Array+Extensions.swift */; };
		EBCCE25128100BE2004DFCBB /* UISegmentedControl+Extensions.swift in Sources */ = {isa = PBXBuildFile; fileRef = EBCCE20228100BE2004DFCBB /* UISegmentedControl+Extensions.swift */; };
		EBCCE25228100BE2004DFCBB /* UIImageView+Extensions.swift in Sources */ = {isa = PBXBuildFile; fileRef = EBCCE20328100BE2004DFCBB /* UIImageView+Extensions.swift */; };
		EBCCE25328100BE2004DFCBB /* UIViewController+Extensions.swift in Sources */ = {isa = PBXBuildFile; fileRef = EBCCE20428100BE2004DFCBB /* UIViewController+Extensions.swift */; };
		EBCCE25428100BE2004DFCBB /* UIView+Extensions.swift in Sources */ = {isa = PBXBuildFile; fileRef = EBCCE20528100BE2004DFCBB /* UIView+Extensions.swift */; };
		EBCCE25528100BE2004DFCBB /* Date+Extension.swift in Sources */ = {isa = PBXBuildFile; fileRef = EBCCE20628100BE2004DFCBB /* Date+Extension.swift */; };
		EBCCE25628100BE2004DFCBB /* String+Extensions.swift in Sources */ = {isa = PBXBuildFile; fileRef = EBCCE20728100BE2004DFCBB /* String+Extensions.swift */; };
		EBCCE25728100BE2004DFCBB /* UITextView+Extensions.swift in Sources */ = {isa = PBXBuildFile; fileRef = EBCCE20828100BE2004DFCBB /* UITextView+Extensions.swift */; };
		EBCCE25828100BE2004DFCBB /* UIColor+Extensions.swift in Sources */ = {isa = PBXBuildFile; fileRef = EBCCE20928100BE2004DFCBB /* UIColor+Extensions.swift */; };
		EBCCE25928100BE2004DFCBB /* UIImage+Extensions.swift in Sources */ = {isa = PBXBuildFile; fileRef = EBCCE20A28100BE2004DFCBB /* UIImage+Extensions.swift */; };
		EBCCE25A28100BE2004DFCBB /* UISearchBar+Extensions.swift in Sources */ = {isa = PBXBuildFile; fileRef = EBCCE20B28100BE2004DFCBB /* UISearchBar+Extensions.swift */; };
		EBCCE25B28100BE2004DFCBB /* UIApplication+Extensions.swift in Sources */ = {isa = PBXBuildFile; fileRef = EBCCE20C28100BE2004DFCBB /* UIApplication+Extensions.swift */; };
		EBCCE25C28100BE2004DFCBB /* UIAlertController+Extensions.swift in Sources */ = {isa = PBXBuildFile; fileRef = EBCCE20D28100BE2004DFCBB /* UIAlertController+Extensions.swift */; };
		EBCCE25D28100BE2004DFCBB /* Optional+Extensions.swift in Sources */ = {isa = PBXBuildFile; fileRef = EBCCE20E28100BE2004DFCBB /* Optional+Extensions.swift */; };
		EBCCE25E28100BE2004DFCBB /* Common+Extensions.swift in Sources */ = {isa = PBXBuildFile; fileRef = EBCCE20F28100BE2004DFCBB /* Common+Extensions.swift */; };
		EBCCE25F28100BE2004DFCBB /* Locale+Extensions.swift in Sources */ = {isa = PBXBuildFile; fileRef = EBCCE21028100BE2004DFCBB /* Locale+Extensions.swift */; };
		EBCCE26028100BE2004DFCBB /* UITextField+Extensions.swift in Sources */ = {isa = PBXBuildFile; fileRef = EBCCE21128100BE2004DFCBB /* UITextField+Extensions.swift */; };
		EBCCE26128100BE2004DFCBB /* AttributedTextBlock.swift in Sources */ = {isa = PBXBuildFile; fileRef = EBCCE21428100BE2004DFCBB /* AttributedTextBlock.swift */; };
		EBCCE26228100BE2004DFCBB /* TextViewController.swift in Sources */ = {isa = PBXBuildFile; fileRef = EBCCE21528100BE2004DFCBB /* TextViewController.swift */; };
		EBCCE26328100BE2004DFCBB /* Countries.bundle in Resources */ = {isa = PBXBuildFile; fileRef = EBCCE21828100BE2004DFCBB /* Countries.bundle */; };
		EBCCE26428100BE2004DFCBB /* LocaleStore.swift in Sources */ = {isa = PBXBuildFile; fileRef = EBCCE21A28100BE2004DFCBB /* LocaleStore.swift */; };
		EBCCE26528100BE2004DFCBB /* LocaleInfo.swift in Sources */ = {isa = PBXBuildFile; fileRef = EBCCE21C28100BE2004DFCBB /* LocaleInfo.swift */; };
		EBCCE26628100BE2004DFCBB /* LocalePickerViewController.swift in Sources */ = {isa = PBXBuildFile; fileRef = EBCCE21D28100BE2004DFCBB /* LocalePickerViewController.swift */; };
		EBCCE26728100BE2004DFCBB /* PhoneCodeCell.swift in Sources */ = {isa = PBXBuildFile; fileRef = EBCCE21F28100BE2004DFCBB /* PhoneCodeCell.swift */; };
		EBCCE26828100BE2004DFCBB /* CurrencyCell.swift in Sources */ = {isa = PBXBuildFile; fileRef = EBCCE22028100BE2004DFCBB /* CurrencyCell.swift */; };
		EBCCE26928100BE2004DFCBB /* CountryCell.swift in Sources */ = {isa = PBXBuildFile; fileRef = EBCCE22128100BE2004DFCBB /* CountryCell.swift */; };
		EBCCE26A28100BE2004DFCBB /* TwoTextFieldsViewController.swift in Sources */ = {isa = PBXBuildFile; fileRef = EBCCE22328100BE2004DFCBB /* TwoTextFieldsViewController.swift */; };
		EBCCE26B28100BE2004DFCBB /* OneTextFieldViewController.swift in Sources */ = {isa = PBXBuildFile; fileRef = EBCCE22428100BE2004DFCBB /* OneTextFieldViewController.swift */; };
		EBCCE26C28100BE2004DFCBB /* Assets.swift in Sources */ = {isa = PBXBuildFile; fileRef = EBCCE22728100BE2004DFCBB /* Assets.swift */; };
		EBCCE26D28100BE2004DFCBB /* PhotoLibraryPickerViewController.swift in Sources */ = {isa = PBXBuildFile; fileRef = EBCCE22828100BE2004DFCBB /* PhotoLibraryPickerViewController.swift */; };
		EBCCE26E28100BE2004DFCBB /* LocationSearchResultsViewController.swift in Sources */ = {isa = PBXBuildFile; fileRef = EBCCE22A28100BE2004DFCBB /* LocationSearchResultsViewController.swift */; };
		EBCCE26F28100BE2004DFCBB /* LocationPickerViewController.swift in Sources */ = {isa = PBXBuildFile; fileRef = EBCCE22B28100BE2004DFCBB /* LocationPickerViewController.swift */; };
		EBCCE27028100BE2004DFCBB /* SearchHistoryManager.swift in Sources */ = {isa = PBXBuildFile; fileRef = EBCCE22D28100BE2004DFCBB /* SearchHistoryManager.swift */; };
		EBCCE27128100BE2004DFCBB /* Location.swift in Sources */ = {isa = PBXBuildFile; fileRef = EBCCE22F28100BE2004DFCBB /* Location.swift */; };
		EBCCE27228100BE2004DFCBB /* Address.swift in Sources */ = {isa = PBXBuildFile; fileRef = EBCCE23028100BE2004DFCBB /* Address.swift */; };
		EBCCE27328100BE2004DFCBB /* PickerViewViewController.swift in Sources */ = {isa = PBXBuildFile; fileRef = EBCCE23228100BE2004DFCBB /* PickerViewViewController.swift */; };
		EBCCE27428100BE2004DFCBB /* ContactsPickerViewController.swift in Sources */ = {isa = PBXBuildFile; fileRef = EBCCE23428100BE2004DFCBB /* ContactsPickerViewController.swift */; };
		EBCCE27528100BE2004DFCBB /* Contacts.swift in Sources */ = {isa = PBXBuildFile; fileRef = EBCCE23628100BE2004DFCBB /* Contacts.swift */; };
		EBCCE27628100BE2004DFCBB /* Contact.swift in Sources */ = {isa = PBXBuildFile; fileRef = EBCCE23828100BE2004DFCBB /* Contact.swift */; };
		EBCCE27728100BE2004DFCBB /* ContactCell.swift in Sources */ = {isa = PBXBuildFile; fileRef = EBCCE23A28100BE2004DFCBB /* ContactCell.swift */; };
		EBCCE27828100BE2004DFCBB /* ColorPickerViewController.swift in Sources */ = {isa = PBXBuildFile; fileRef = EBCCE23C28100BE2004DFCBB /* ColorPickerViewController.swift */; };
		EBCCE27928100BE2004DFCBB /* DatePickerViewController.swift in Sources */ = {isa = PBXBuildFile; fileRef = EBCCE23E28100BE2004DFCBB /* DatePickerViewController.swift */; };
		EBCCE27A28100BE2004DFCBB /* ImagePickerViewController.swift in Sources */ = {isa = PBXBuildFile; fileRef = EBCCE24028100BE2004DFCBB /* ImagePickerViewController.swift */; };
		EBCCE27B28100BE2004DFCBB /* ItemWithImage.swift in Sources */ = {isa = PBXBuildFile; fileRef = EBCCE24228100BE2004DFCBB /* ItemWithImage.swift */; };
		EBCCE27C28100BE2004DFCBB /* PhotoLayout.swift in Sources */ = {isa = PBXBuildFile; fileRef = EBCCE24528100BE2004DFCBB /* PhotoLayout.swift */; };
		EBCCE27D28100BE2004DFCBB /* TelegramPickerViewController.swift in Sources */ = {isa = PBXBuildFile; fileRef = EBCCE24628100BE2004DFCBB /* TelegramPickerViewController.swift */; };
		EBCCE27E28100BE2004DFCBB /* ItemWithPhoto.swift in Sources */ = {isa = PBXBuildFile; fileRef = EBCCE24828100BE2004DFCBB /* ItemWithPhoto.swift */; };
		EBCCE27F28100BE2004DFCBB /* LikeButtonCell.swift in Sources */ = {isa = PBXBuildFile; fileRef = EBCCE24928100BE2004DFCBB /* LikeButtonCell.swift */; };
		EBCCE28028100BE2004DFCBB /* Label.swift in Sources */ = {isa = PBXBuildFile; fileRef = EBCCE24B28100BE2004DFCBB /* Label.swift */; };
		EBCCE28128100BE2004DFCBB /* SegmentedControl.swift in Sources */ = {isa = PBXBuildFile; fileRef = EBCCE24C28100BE2004DFCBB /* SegmentedControl.swift */; };
		EBCCE28228100BE2004DFCBB /* GradientSlider.swift in Sources */ = {isa = PBXBuildFile; fileRef = EBCCE24D28100BE2004DFCBB /* GradientSlider.swift */; };
		EBCCE28328100BE2004DFCBB /* TextField.swift in Sources */ = {isa = PBXBuildFile; fileRef = EBCCE24E28100BE2004DFCBB /* TextField.swift */; };
		EBCCE28428100BE2004DFCBB /* Button.swift in Sources */ = {isa = PBXBuildFile; fileRef = EBCCE24F28100BE2004DFCBB /* Button.swift */; };
		EBCCE28628102CB5004DFCBB /* SettingsItem.swift in Sources */ = {isa = PBXBuildFile; fileRef = EBCCE28528102CB5004DFCBB /* SettingsItem.swift */; };
		EBCD4795280DA22B00069FEC /* EntryTests.swift in Sources */ = {isa = PBXBuildFile; fileRef = EBCD4794280DA22B00069FEC /* EntryTests.swift */; };
		EBCD4797280DACC400069FEC /* SlideUpAnimator.swift in Sources */ = {isa = PBXBuildFile; fileRef = EBCD4796280DACC400069FEC /* SlideUpAnimator.swift */; };
		EBF1663E27FC368900D8AC4A /* Travel.swift in Sources */ = {isa = PBXBuildFile; fileRef = EBF1663D27FC368900D8AC4A /* Travel.swift */; };
		EBF1664027FC387E00D8AC4A /* DashboardTests.swift in Sources */ = {isa = PBXBuildFile; fileRef = EBF1663F27FC387E00D8AC4A /* DashboardTests.swift */; };
		EBF1664227FC46A300D8AC4A /* GlobalVariables.swift in Sources */ = {isa = PBXBuildFile; fileRef = EBF1664127FC46A300D8AC4A /* GlobalVariables.swift */; };
		EBF1664427FC481A00D8AC4A /* MockData.swift in Sources */ = {isa = PBXBuildFile; fileRef = EBF1664327FC481A00D8AC4A /* MockData.swift */; };
		EBF1664627FC4C5800D8AC4A /* AlertManager.swift in Sources */ = {isa = PBXBuildFile; fileRef = EBF1664527FC4C5800D8AC4A /* AlertManager.swift */; };
		EBF1664827FC8E3700D8AC4A /* EssentialTests.swift in Sources */ = {isa = PBXBuildFile; fileRef = EBF1664727FC8E3700D8AC4A /* EssentialTests.swift */; };
		EBF3F36E2817D82E0023F509 /* Bag_PackUITests.swift in Sources */ = {isa = PBXBuildFile; fileRef = EBF3F36D2817D82E0023F509 /* Bag_PackUITests.swift */; };
		EBF3F3702817D82E0023F509 /* Bag_PackUITestsLaunchTests.swift in Sources */ = {isa = PBXBuildFile; fileRef = EBF3F36F2817D82E0023F509 /* Bag_PackUITestsLaunchTests.swift */; };
		F700B53427B3F22900BDCD37 /* AppDelegate.swift in Sources */ = {isa = PBXBuildFile; fileRef = F700B53327B3F22900BDCD37 /* AppDelegate.swift */; };
		F700B53627B3F22900BDCD37 /* SceneDelegate.swift in Sources */ = {isa = PBXBuildFile; fileRef = F700B53527B3F22900BDCD37 /* SceneDelegate.swift */; };
		F700B53827B3F22900BDCD37 /* DashboradViewController.swift in Sources */ = {isa = PBXBuildFile; fileRef = F700B53727B3F22900BDCD37 /* DashboradViewController.swift */; };
		F700B53B27B3F22900BDCD37 /* Main.storyboard in Resources */ = {isa = PBXBuildFile; fileRef = F700B53927B3F22900BDCD37 /* Main.storyboard */; };
		F700B53D27B3F22A00BDCD37 /* Assets.xcassets in Resources */ = {isa = PBXBuildFile; fileRef = F700B53C27B3F22A00BDCD37 /* Assets.xcassets */; };
		F700B54027B3F22A00BDCD37 /* LaunchScreen.storyboard in Resources */ = {isa = PBXBuildFile; fileRef = F700B53E27B3F22A00BDCD37 /* LaunchScreen.storyboard */; };
		F700B54827B3F48B00BDCD37 /* NoteViewController.swift in Sources */ = {isa = PBXBuildFile; fileRef = F700B54727B3F48B00BDCD37 /* NoteViewController.swift */; };
		F700B54A27B3F4A300BDCD37 /* EssentialViewController.swift in Sources */ = {isa = PBXBuildFile; fileRef = F700B54927B3F4A300BDCD37 /* EssentialViewController.swift */; };
		F700B54C27B3F51C00BDCD37 /* CostViewController.swift in Sources */ = {isa = PBXBuildFile; fileRef = F700B54B27B3F51C00BDCD37 /* CostViewController.swift */; };
		F700B55427B42B9400BDCD37 /* DashboardTableViewCell.swift in Sources */ = {isa = PBXBuildFile; fileRef = F700B55227B42B9400BDCD37 /* DashboardTableViewCell.swift */; };
		F700B55527B42B9400BDCD37 /* DashboardTableViewCell.xib in Resources */ = {isa = PBXBuildFile; fileRef = F700B55327B42B9400BDCD37 /* DashboardTableViewCell.xib */; };
/* End PBXBuildFile section */

/* Begin PBXContainerItemProxy section */
		EB95016627FADA8B00AC10FA /* PBXContainerItemProxy */ = {
			isa = PBXContainerItemProxy;
			containerPortal = F700B52827B3F22900BDCD37 /* Project object */;
			proxyType = 1;
			remoteGlobalIDString = F700B52F27B3F22900BDCD37;
			remoteInfo = "Bag-Pack";
		};
		EBF3F3712817D82E0023F509 /* PBXContainerItemProxy */ = {
			isa = PBXContainerItemProxy;
			containerPortal = F700B52827B3F22900BDCD37 /* Project object */;
			proxyType = 1;
			remoteGlobalIDString = F700B52F27B3F22900BDCD37;
			remoteInfo = "Bag-Pack";
		};
/* End PBXContainerItemProxy section */

/* Begin PBXFileReference section */
		2D16D155FC6D0F403A62F531 /* Pods_Bag_Pack.framework */ = {isa = PBXFileReference; explicitFileType = wrapper.framework; includeInIndex = 0; path = Pods_Bag_Pack.framework; sourceTree = BUILT_PRODUCTS_DIR; };
		8DBC46D2AA935D72779AD19E /* Pods-Bag-Pack.release.xcconfig */ = {isa = PBXFileReference; includeInIndex = 1; lastKnownFileType = text.xcconfig; name = "Pods-Bag-Pack.release.xcconfig"; path = "Target Support Files/Pods-Bag-Pack/Pods-Bag-Pack.release.xcconfig"; sourceTree = "<group>"; };
		BF3E2555C1B7B906CA9930E2 /* Pods-Bag-Pack.debug.xcconfig */ = {isa = PBXFileReference; includeInIndex = 1; lastKnownFileType = text.xcconfig; name = "Pods-Bag-Pack.debug.xcconfig"; path = "Target Support Files/Pods-Bag-Pack/Pods-Bag-Pack.debug.xcconfig"; sourceTree = "<group>"; };
		EB06254E2802FF8E001C248C /* CostTests.swift */ = {isa = PBXFileReference; lastKnownFileType = sourcecode.swift; path = CostTests.swift; sourceTree = "<group>"; };
		EB062550280302B4001C248C /* SettingsTest.swift */ = {isa = PBXFileReference; lastKnownFileType = sourcecode.swift; path = SettingsTest.swift; sourceTree = "<group>"; };
		EB0625522803033D001C248C /* SettingsTableViewCell.swift */ = {isa = PBXFileReference; lastKnownFileType = sourcecode.swift; path = SettingsTableViewCell.swift; sourceTree = "<group>"; };
		EB0625532803033D001C248C /* SettingsTableViewCell.xib */ = {isa = PBXFileReference; lastKnownFileType = file.xib; path = SettingsTableViewCell.xib; sourceTree = "<group>"; };
		EB0A818527FDC8AB00314D58 /* Extensions.swift */ = {isa = PBXFileReference; lastKnownFileType = sourcecode.swift; path = Extensions.swift; sourceTree = "<group>"; };
		EB0A818D27FDD00000314D58 /* CostTableViewCell.swift */ = {isa = PBXFileReference; lastKnownFileType = sourcecode.swift; path = CostTableViewCell.swift; sourceTree = "<group>"; };
		EB0A818E27FDD00000314D58 /* CostTableViewCell.xib */ = {isa = PBXFileReference; lastKnownFileType = file.xib; path = CostTableViewCell.xib; sourceTree = "<group>"; };
		EB4EC2C1280EE81D0027243F /* GeneralTests.swift */ = {isa = PBXFileReference; lastKnownFileType = sourcecode.swift; path = GeneralTests.swift; sourceTree = "<group>"; };
		EB6468482805AF4A00CBB4C4 /* NewEntryViewController.swift */ = {isa = PBXFileReference; lastKnownFileType = sourcecode.swift; path = NewEntryViewController.swift; sourceTree = "<group>"; };
		EB91DC4827B7DA6600D094A0 /* EssentialTableViewCell.swift */ = {isa = PBXFileReference; lastKnownFileType = sourcecode.swift; path = EssentialTableViewCell.swift; sourceTree = "<group>"; };
		EB91DC4927B7DA6600D094A0 /* EssentialTableViewCell.xib */ = {isa = PBXFileReference; lastKnownFileType = file.xib; path = EssentialTableViewCell.xib; sourceTree = "<group>"; };
		EB95016227FADA8B00AC10FA /* Bag-PackTests.xctest */ = {isa = PBXFileReference; explicitFileType = wrapper.cfbundle; includeInIndex = 0; path = "Bag-PackTests.xctest"; sourceTree = BUILT_PRODUCTS_DIR; };
		EB95016C27FAEBFE00AC10FA /* NetworkManager.swift */ = {isa = PBXFileReference; lastKnownFileType = sourcecode.swift; path = NetworkManager.swift; sourceTree = "<group>"; };
		EBB058952802DFCD00743B1A /* SettingsViewController.swift */ = {isa = PBXFileReference; lastKnownFileType = sourcecode.swift; path = SettingsViewController.swift; sourceTree = "<group>"; };
		EBCCE20128100BE2004DFCBB /* Array+Extensions.swift */ = {isa = PBXFileReference; fileEncoding = 4; lastKnownFileType = sourcecode.swift; path = "Array+Extensions.swift"; sourceTree = "<group>"; };
		EBCCE20228100BE2004DFCBB /* UISegmentedControl+Extensions.swift */ = {isa = PBXFileReference; fileEncoding = 4; lastKnownFileType = sourcecode.swift; path = "UISegmentedControl+Extensions.swift"; sourceTree = "<group>"; };
		EBCCE20328100BE2004DFCBB /* UIImageView+Extensions.swift */ = {isa = PBXFileReference; fileEncoding = 4; lastKnownFileType = sourcecode.swift; path = "UIImageView+Extensions.swift"; sourceTree = "<group>"; };
		EBCCE20428100BE2004DFCBB /* UIViewController+Extensions.swift */ = {isa = PBXFileReference; fileEncoding = 4; lastKnownFileType = sourcecode.swift; path = "UIViewController+Extensions.swift"; sourceTree = "<group>"; };
		EBCCE20528100BE2004DFCBB /* UIView+Extensions.swift */ = {isa = PBXFileReference; fileEncoding = 4; lastKnownFileType = sourcecode.swift; path = "UIView+Extensions.swift"; sourceTree = "<group>"; };
		EBCCE20628100BE2004DFCBB /* Date+Extension.swift */ = {isa = PBXFileReference; fileEncoding = 4; lastKnownFileType = sourcecode.swift; path = "Date+Extension.swift"; sourceTree = "<group>"; };
		EBCCE20728100BE2004DFCBB /* String+Extensions.swift */ = {isa = PBXFileReference; fileEncoding = 4; lastKnownFileType = sourcecode.swift; path = "String+Extensions.swift"; sourceTree = "<group>"; };
		EBCCE20828100BE2004DFCBB /* UITextView+Extensions.swift */ = {isa = PBXFileReference; fileEncoding = 4; lastKnownFileType = sourcecode.swift; path = "UITextView+Extensions.swift"; sourceTree = "<group>"; };
		EBCCE20928100BE2004DFCBB /* UIColor+Extensions.swift */ = {isa = PBXFileReference; fileEncoding = 4; lastKnownFileType = sourcecode.swift; path = "UIColor+Extensions.swift"; sourceTree = "<group>"; };
		EBCCE20A28100BE2004DFCBB /* UIImage+Extensions.swift */ = {isa = PBXFileReference; fileEncoding = 4; lastKnownFileType = sourcecode.swift; path = "UIImage+Extensions.swift"; sourceTree = "<group>"; };
		EBCCE20B28100BE2004DFCBB /* UISearchBar+Extensions.swift */ = {isa = PBXFileReference; fileEncoding = 4; lastKnownFileType = sourcecode.swift; path = "UISearchBar+Extensions.swift"; sourceTree = "<group>"; };
		EBCCE20C28100BE2004DFCBB /* UIApplication+Extensions.swift */ = {isa = PBXFileReference; fileEncoding = 4; lastKnownFileType = sourcecode.swift; path = "UIApplication+Extensions.swift"; sourceTree = "<group>"; };
		EBCCE20D28100BE2004DFCBB /* UIAlertController+Extensions.swift */ = {isa = PBXFileReference; fileEncoding = 4; lastKnownFileType = sourcecode.swift; path = "UIAlertController+Extensions.swift"; sourceTree = "<group>"; };
		EBCCE20E28100BE2004DFCBB /* Optional+Extensions.swift */ = {isa = PBXFileReference; fileEncoding = 4; lastKnownFileType = sourcecode.swift; path = "Optional+Extensions.swift"; sourceTree = "<group>"; };
		EBCCE20F28100BE2004DFCBB /* Common+Extensions.swift */ = {isa = PBXFileReference; fileEncoding = 4; lastKnownFileType = sourcecode.swift; path = "Common+Extensions.swift"; sourceTree = "<group>"; };
		EBCCE21028100BE2004DFCBB /* Locale+Extensions.swift */ = {isa = PBXFileReference; fileEncoding = 4; lastKnownFileType = sourcecode.swift; path = "Locale+Extensions.swift"; sourceTree = "<group>"; };
		EBCCE21128100BE2004DFCBB /* UITextField+Extensions.swift */ = {isa = PBXFileReference; fileEncoding = 4; lastKnownFileType = sourcecode.swift; path = "UITextField+Extensions.swift"; sourceTree = "<group>"; };
		EBCCE21428100BE2004DFCBB /* AttributedTextBlock.swift */ = {isa = PBXFileReference; fileEncoding = 4; lastKnownFileType = sourcecode.swift; path = AttributedTextBlock.swift; sourceTree = "<group>"; };
		EBCCE21528100BE2004DFCBB /* TextViewController.swift */ = {isa = PBXFileReference; fileEncoding = 4; lastKnownFileType = sourcecode.swift; path = TextViewController.swift; sourceTree = "<group>"; };
		EBCCE21828100BE2004DFCBB /* Countries.bundle */ = {isa = PBXFileReference; lastKnownFileType = "wrapper.plug-in"; path = Countries.bundle; sourceTree = "<group>"; };
		EBCCE21A28100BE2004DFCBB /* LocaleStore.swift */ = {isa = PBXFileReference; fileEncoding = 4; lastKnownFileType = sourcecode.swift; path = LocaleStore.swift; sourceTree = "<group>"; };
		EBCCE21C28100BE2004DFCBB /* LocaleInfo.swift */ = {isa = PBXFileReference; fileEncoding = 4; lastKnownFileType = sourcecode.swift; path = LocaleInfo.swift; sourceTree = "<group>"; };
		EBCCE21D28100BE2004DFCBB /* LocalePickerViewController.swift */ = {isa = PBXFileReference; fileEncoding = 4; lastKnownFileType = sourcecode.swift; path = LocalePickerViewController.swift; sourceTree = "<group>"; };
		EBCCE21F28100BE2004DFCBB /* PhoneCodeCell.swift */ = {isa = PBXFileReference; fileEncoding = 4; lastKnownFileType = sourcecode.swift; path = PhoneCodeCell.swift; sourceTree = "<group>"; };
		EBCCE22028100BE2004DFCBB /* CurrencyCell.swift */ = {isa = PBXFileReference; fileEncoding = 4; lastKnownFileType = sourcecode.swift; path = CurrencyCell.swift; sourceTree = "<group>"; };
		EBCCE22128100BE2004DFCBB /* CountryCell.swift */ = {isa = PBXFileReference; fileEncoding = 4; lastKnownFileType = sourcecode.swift; path = CountryCell.swift; sourceTree = "<group>"; };
		EBCCE22328100BE2004DFCBB /* TwoTextFieldsViewController.swift */ = {isa = PBXFileReference; fileEncoding = 4; lastKnownFileType = sourcecode.swift; path = TwoTextFieldsViewController.swift; sourceTree = "<group>"; };
		EBCCE22428100BE2004DFCBB /* OneTextFieldViewController.swift */ = {isa = PBXFileReference; fileEncoding = 4; lastKnownFileType = sourcecode.swift; path = OneTextFieldViewController.swift; sourceTree = "<group>"; };
		EBCCE22728100BE2004DFCBB /* Assets.swift */ = {isa = PBXFileReference; fileEncoding = 4; lastKnownFileType = sourcecode.swift; path = Assets.swift; sourceTree = "<group>"; };
		EBCCE22828100BE2004DFCBB /* PhotoLibraryPickerViewController.swift */ = {isa = PBXFileReference; fileEncoding = 4; lastKnownFileType = sourcecode.swift; path = PhotoLibraryPickerViewController.swift; sourceTree = "<group>"; };
		EBCCE22A28100BE2004DFCBB /* LocationSearchResultsViewController.swift */ = {isa = PBXFileReference; fileEncoding = 4; lastKnownFileType = sourcecode.swift; path = LocationSearchResultsViewController.swift; sourceTree = "<group>"; };
		EBCCE22B28100BE2004DFCBB /* LocationPickerViewController.swift */ = {isa = PBXFileReference; fileEncoding = 4; lastKnownFileType = sourcecode.swift; path = LocationPickerViewController.swift; sourceTree = "<group>"; };
		EBCCE22D28100BE2004DFCBB /* SearchHistoryManager.swift */ = {isa = PBXFileReference; fileEncoding = 4; lastKnownFileType = sourcecode.swift; path = SearchHistoryManager.swift; sourceTree = "<group>"; };
		EBCCE22F28100BE2004DFCBB /* Location.swift */ = {isa = PBXFileReference; fileEncoding = 4; lastKnownFileType = sourcecode.swift; path = Location.swift; sourceTree = "<group>"; };
		EBCCE23028100BE2004DFCBB /* Address.swift */ = {isa = PBXFileReference; fileEncoding = 4; lastKnownFileType = sourcecode.swift; path = Address.swift; sourceTree = "<group>"; };
		EBCCE23228100BE2004DFCBB /* PickerViewViewController.swift */ = {isa = PBXFileReference; fileEncoding = 4; lastKnownFileType = sourcecode.swift; path = PickerViewViewController.swift; sourceTree = "<group>"; };
		EBCCE23428100BE2004DFCBB /* ContactsPickerViewController.swift */ = {isa = PBXFileReference; fileEncoding = 4; lastKnownFileType = sourcecode.swift; path = ContactsPickerViewController.swift; sourceTree = "<group>"; };
		EBCCE23628100BE2004DFCBB /* Contacts.swift */ = {isa = PBXFileReference; fileEncoding = 4; lastKnownFileType = sourcecode.swift; path = Contacts.swift; sourceTree = "<group>"; };
		EBCCE23828100BE2004DFCBB /* Contact.swift */ = {isa = PBXFileReference; fileEncoding = 4; lastKnownFileType = sourcecode.swift; path = Contact.swift; sourceTree = "<group>"; };
		EBCCE23A28100BE2004DFCBB /* ContactCell.swift */ = {isa = PBXFileReference; fileEncoding = 4; lastKnownFileType = sourcecode.swift; path = ContactCell.swift; sourceTree = "<group>"; };
		EBCCE23C28100BE2004DFCBB /* ColorPickerViewController.swift */ = {isa = PBXFileReference; fileEncoding = 4; lastKnownFileType = sourcecode.swift; path = ColorPickerViewController.swift; sourceTree = "<group>"; };
		EBCCE23E28100BE2004DFCBB /* DatePickerViewController.swift */ = {isa = PBXFileReference; fileEncoding = 4; lastKnownFileType = sourcecode.swift; path = DatePickerViewController.swift; sourceTree = "<group>"; };
		EBCCE24028100BE2004DFCBB /* ImagePickerViewController.swift */ = {isa = PBXFileReference; fileEncoding = 4; lastKnownFileType = sourcecode.swift; path = ImagePickerViewController.swift; sourceTree = "<group>"; };
		EBCCE24228100BE2004DFCBB /* ItemWithImage.swift */ = {isa = PBXFileReference; fileEncoding = 4; lastKnownFileType = sourcecode.swift; path = ItemWithImage.swift; sourceTree = "<group>"; };
		EBCCE24528100BE2004DFCBB /* PhotoLayout.swift */ = {isa = PBXFileReference; fileEncoding = 4; lastKnownFileType = sourcecode.swift; path = PhotoLayout.swift; sourceTree = "<group>"; };
		EBCCE24628100BE2004DFCBB /* TelegramPickerViewController.swift */ = {isa = PBXFileReference; fileEncoding = 4; lastKnownFileType = sourcecode.swift; path = TelegramPickerViewController.swift; sourceTree = "<group>"; };
		EBCCE24828100BE2004DFCBB /* ItemWithPhoto.swift */ = {isa = PBXFileReference; fileEncoding = 4; lastKnownFileType = sourcecode.swift; path = ItemWithPhoto.swift; sourceTree = "<group>"; };
		EBCCE24928100BE2004DFCBB /* LikeButtonCell.swift */ = {isa = PBXFileReference; fileEncoding = 4; lastKnownFileType = sourcecode.swift; path = LikeButtonCell.swift; sourceTree = "<group>"; };
		EBCCE24B28100BE2004DFCBB /* Label.swift */ = {isa = PBXFileReference; fileEncoding = 4; lastKnownFileType = sourcecode.swift; path = Label.swift; sourceTree = "<group>"; };
		EBCCE24C28100BE2004DFCBB /* SegmentedControl.swift */ = {isa = PBXFileReference; fileEncoding = 4; lastKnownFileType = sourcecode.swift; path = SegmentedControl.swift; sourceTree = "<group>"; };
		EBCCE24D28100BE2004DFCBB /* GradientSlider.swift */ = {isa = PBXFileReference; fileEncoding = 4; lastKnownFileType = sourcecode.swift; path = GradientSlider.swift; sourceTree = "<group>"; };
		EBCCE24E28100BE2004DFCBB /* TextField.swift */ = {isa = PBXFileReference; fileEncoding = 4; lastKnownFileType = sourcecode.swift; path = TextField.swift; sourceTree = "<group>"; };
		EBCCE24F28100BE2004DFCBB /* Button.swift */ = {isa = PBXFileReference; fileEncoding = 4; lastKnownFileType = sourcecode.swift; path = Button.swift; sourceTree = "<group>"; };
		EBCCE28528102CB5004DFCBB /* SettingsItem.swift */ = {isa = PBXFileReference; lastKnownFileType = sourcecode.swift; path = SettingsItem.swift; sourceTree = "<group>"; };
		EBCD4794280DA22B00069FEC /* EntryTests.swift */ = {isa = PBXFileReference; lastKnownFileType = sourcecode.swift; path = EntryTests.swift; sourceTree = "<group>"; };
		EBCD4796280DACC400069FEC /* SlideUpAnimator.swift */ = {isa = PBXFileReference; fileEncoding = 4; lastKnownFileType = sourcecode.swift; path = SlideUpAnimator.swift; sourceTree = "<group>"; };
		EBF1663D27FC368900D8AC4A /* Travel.swift */ = {isa = PBXFileReference; lastKnownFileType = sourcecode.swift; path = Travel.swift; sourceTree = "<group>"; };
		EBF1663F27FC387E00D8AC4A /* DashboardTests.swift */ = {isa = PBXFileReference; lastKnownFileType = sourcecode.swift; path = DashboardTests.swift; sourceTree = "<group>"; };
		EBF1664127FC46A300D8AC4A /* GlobalVariables.swift */ = {isa = PBXFileReference; lastKnownFileType = sourcecode.swift; path = GlobalVariables.swift; sourceTree = "<group>"; };
		EBF1664327FC481A00D8AC4A /* MockData.swift */ = {isa = PBXFileReference; lastKnownFileType = sourcecode.swift; path = MockData.swift; sourceTree = "<group>"; };
		EBF1664527FC4C5800D8AC4A /* AlertManager.swift */ = {isa = PBXFileReference; lastKnownFileType = sourcecode.swift; path = AlertManager.swift; sourceTree = "<group>"; };
		EBF1664727FC8E3700D8AC4A /* EssentialTests.swift */ = {isa = PBXFileReference; lastKnownFileType = sourcecode.swift; path = EssentialTests.swift; sourceTree = "<group>"; };
		EBF3F36B2817D82E0023F509 /* Bag-PackUITests.xctest */ = {isa = PBXFileReference; explicitFileType = wrapper.cfbundle; includeInIndex = 0; path = "Bag-PackUITests.xctest"; sourceTree = BUILT_PRODUCTS_DIR; };
		EBF3F36D2817D82E0023F509 /* Bag_PackUITests.swift */ = {isa = PBXFileReference; lastKnownFileType = sourcecode.swift; path = Bag_PackUITests.swift; sourceTree = "<group>"; };
		EBF3F36F2817D82E0023F509 /* Bag_PackUITestsLaunchTests.swift */ = {isa = PBXFileReference; lastKnownFileType = sourcecode.swift; path = Bag_PackUITestsLaunchTests.swift; sourceTree = "<group>"; };
		F700B53027B3F22900BDCD37 /* Bag-Pack.app */ = {isa = PBXFileReference; explicitFileType = wrapper.application; includeInIndex = 0; path = "Bag-Pack.app"; sourceTree = BUILT_PRODUCTS_DIR; };
		F700B53327B3F22900BDCD37 /* AppDelegate.swift */ = {isa = PBXFileReference; lastKnownFileType = sourcecode.swift; path = AppDelegate.swift; sourceTree = "<group>"; };
		F700B53527B3F22900BDCD37 /* SceneDelegate.swift */ = {isa = PBXFileReference; lastKnownFileType = sourcecode.swift; path = SceneDelegate.swift; sourceTree = "<group>"; };
		F700B53727B3F22900BDCD37 /* DashboradViewController.swift */ = {isa = PBXFileReference; lastKnownFileType = sourcecode.swift; path = DashboradViewController.swift; sourceTree = "<group>"; };
		F700B53A27B3F22900BDCD37 /* Base */ = {isa = PBXFileReference; lastKnownFileType = file.storyboard; name = Base; path = Base.lproj/Main.storyboard; sourceTree = "<group>"; };
		F700B53C27B3F22A00BDCD37 /* Assets.xcassets */ = {isa = PBXFileReference; lastKnownFileType = folder.assetcatalog; path = Assets.xcassets; sourceTree = "<group>"; };
		F700B53F27B3F22A00BDCD37 /* Base */ = {isa = PBXFileReference; lastKnownFileType = file.storyboard; name = Base; path = Base.lproj/LaunchScreen.storyboard; sourceTree = "<group>"; };
		F700B54127B3F22A00BDCD37 /* Info.plist */ = {isa = PBXFileReference; lastKnownFileType = text.plist.xml; path = Info.plist; sourceTree = "<group>"; };
		F700B54727B3F48B00BDCD37 /* NoteViewController.swift */ = {isa = PBXFileReference; lastKnownFileType = sourcecode.swift; path = NoteViewController.swift; sourceTree = "<group>"; };
		F700B54927B3F4A300BDCD37 /* EssentialViewController.swift */ = {isa = PBXFileReference; lastKnownFileType = sourcecode.swift; path = EssentialViewController.swift; sourceTree = "<group>"; };
		F700B54B27B3F51C00BDCD37 /* CostViewController.swift */ = {isa = PBXFileReference; lastKnownFileType = sourcecode.swift; path = CostViewController.swift; sourceTree = "<group>"; };
		F700B55227B42B9400BDCD37 /* DashboardTableViewCell.swift */ = {isa = PBXFileReference; lastKnownFileType = sourcecode.swift; path = DashboardTableViewCell.swift; sourceTree = "<group>"; };
		F700B55327B42B9400BDCD37 /* DashboardTableViewCell.xib */ = {isa = PBXFileReference; lastKnownFileType = file.xib; path = DashboardTableViewCell.xib; sourceTree = "<group>"; };
/* End PBXFileReference section */

/* Begin PBXFrameworksBuildPhase section */
		EB95015F27FADA8B00AC10FA /* Frameworks */ = {
			isa = PBXFrameworksBuildPhase;
			buildActionMask = 2147483647;
			files = (
			);
			runOnlyForDeploymentPostprocessing = 0;
		};
		EBF3F3682817D82E0023F509 /* Frameworks */ = {
			isa = PBXFrameworksBuildPhase;
			buildActionMask = 2147483647;
			files = (
			);
			runOnlyForDeploymentPostprocessing = 0;
		};
		F700B52D27B3F22900BDCD37 /* Frameworks */ = {
			isa = PBXFrameworksBuildPhase;
			buildActionMask = 2147483647;
			files = (
				EB553382281D5E5F007A8BDC /* AppleWelcomeScreen in Frameworks */,
				B0B09B917CE347EF839FB5E5 /* Pods_Bag_Pack.framework in Frameworks */,
			);
			runOnlyForDeploymentPostprocessing = 0;
		};
/* End PBXFrameworksBuildPhase section */

/* Begin PBXGroup section */
		13656AA0F399AD0135DA84E4 /* Pods */ = {
			isa = PBXGroup;
			children = (
				BF3E2555C1B7B906CA9930E2 /* Pods-Bag-Pack.debug.xcconfig */,
				8DBC46D2AA935D72779AD19E /* Pods-Bag-Pack.release.xcconfig */,
			);
			path = Pods;
			sourceTree = "<group>";
		};
		BEAF0A9504136E5668CFC69C /* Frameworks */ = {
			isa = PBXGroup;
			children = (
				2D16D155FC6D0F403A62F531 /* Pods_Bag_Pack.framework */,
			);
			name = Frameworks;
			sourceTree = "<group>";
		};
		EB06254D2802FBFE001C248C /* SettingsTableViewCell */ = {
			isa = PBXGroup;
			children = (
				EB0625522803033D001C248C /* SettingsTableViewCell.swift */,
				EB0625532803033D001C248C /* SettingsTableViewCell.xib */,
			);
			path = SettingsTableViewCell;
			sourceTree = "<group>";
		};
		EB0A818727FDC8C700314D58 /* NetworkManager */ = {
			isa = PBXGroup;
			children = (
				EB95016C27FAEBFE00AC10FA /* NetworkManager.swift */,
			);
			path = NetworkManager;
			sourceTree = "<group>";
		};
		EB0A818827FDC8E300314D58 /* MockData */ = {
			isa = PBXGroup;
			children = (
				EBF1664327FC481A00D8AC4A /* MockData.swift */,
			);
			path = MockData;
			sourceTree = "<group>";
		};
		EB0A818A27FDC8F900314D58 /* Extensions */ = {
			isa = PBXGroup;
			children = (
				EB0A818527FDC8AB00314D58 /* Extensions.swift */,
			);
			path = Extensions;
			sourceTree = "<group>";
		};
		EB0A818B27FDC90900314D58 /* Helpers */ = {
			isa = PBXGroup;
			children = (
				EBF1664527FC4C5800D8AC4A /* AlertManager.swift */,
				EBCD4796280DACC400069FEC /* SlideUpAnimator.swift */,
			);
			path = Helpers;
			sourceTree = "<group>";
		};
		EB0A818C27FDC91800314D58 /* Global */ = {
			isa = PBXGroup;
			children = (
				F700B53C27B3F22A00BDCD37 /* Assets.xcassets */,
				EBF1664127FC46A300D8AC4A /* GlobalVariables.swift */,
			);
			path = Global;
			sourceTree = "<group>";
		};
		EB0A819127FDD00A00314D58 /* CostTableViewCell */ = {
			isa = PBXGroup;
			children = (
				EB0A818D27FDD00000314D58 /* CostTableViewCell.swift */,
				EB0A818E27FDD00000314D58 /* CostTableViewCell.xib */,
			);
			path = CostTableViewCell;
			sourceTree = "<group>";
		};
		EB91DC4C27B7DA7000D094A0 /* EssentialTableViewCell */ = {
			isa = PBXGroup;
			children = (
				EB91DC4827B7DA6600D094A0 /* EssentialTableViewCell.swift */,
				EB91DC4927B7DA6600D094A0 /* EssentialTableViewCell.xib */,
			);
			path = EssentialTableViewCell;
			sourceTree = "<group>";
		};
		EB95016327FADA8B00AC10FA /* Bag-PackTests */ = {
			isa = PBXGroup;
			children = (
				EBF1663F27FC387E00D8AC4A /* DashboardTests.swift */,
				EBF1664727FC8E3700D8AC4A /* EssentialTests.swift */,
				EB06254E2802FF8E001C248C /* CostTests.swift */,
				EB062550280302B4001C248C /* SettingsTest.swift */,
				EBCD4794280DA22B00069FEC /* EntryTests.swift */,
				EB4EC2C1280EE81D0027243F /* GeneralTests.swift */,
			);
			path = "Bag-PackTests";
			sourceTree = "<group>";
		};
		EBCCE1FC28100B7C004DFCBB /* Libraries */ = {
			isa = PBXGroup;
			children = (
				EBCCE1FF28100BE2004DFCBB /* Source */,
			);
			path = Libraries;
			sourceTree = "<group>";
		};
		EBCCE1FF28100BE2004DFCBB /* Source */ = {
			isa = PBXGroup;
			children = (
				EBCCE20028100BE2004DFCBB /* Extensions */,
				EBCCE21228100BE2004DFCBB /* Viewers */,
				EBCCE21628100BE2004DFCBB /* Pickers */,
				EBCCE24A28100BE2004DFCBB /* Views */,
			);
			path = Source;
			sourceTree = "<group>";
		};
		EBCCE20028100BE2004DFCBB /* Extensions */ = {
			isa = PBXGroup;
			children = (
				EBCCE20128100BE2004DFCBB /* Array+Extensions.swift */,
				EBCCE20228100BE2004DFCBB /* UISegmentedControl+Extensions.swift */,
				EBCCE20328100BE2004DFCBB /* UIImageView+Extensions.swift */,
				EBCCE20428100BE2004DFCBB /* UIViewController+Extensions.swift */,
				EBCCE20528100BE2004DFCBB /* UIView+Extensions.swift */,
				EBCCE20628100BE2004DFCBB /* Date+Extension.swift */,
				EBCCE20728100BE2004DFCBB /* String+Extensions.swift */,
				EBCCE20828100BE2004DFCBB /* UITextView+Extensions.swift */,
				EBCCE20928100BE2004DFCBB /* UIColor+Extensions.swift */,
				EBCCE20A28100BE2004DFCBB /* UIImage+Extensions.swift */,
				EBCCE20B28100BE2004DFCBB /* UISearchBar+Extensions.swift */,
				EBCCE20C28100BE2004DFCBB /* UIApplication+Extensions.swift */,
				EBCCE20D28100BE2004DFCBB /* UIAlertController+Extensions.swift */,
				EBCCE20E28100BE2004DFCBB /* Optional+Extensions.swift */,
				EBCCE20F28100BE2004DFCBB /* Common+Extensions.swift */,
				EBCCE21028100BE2004DFCBB /* Locale+Extensions.swift */,
				EBCCE21128100BE2004DFCBB /* UITextField+Extensions.swift */,
			);
			path = Extensions;
			sourceTree = "<group>";
		};
		EBCCE21228100BE2004DFCBB /* Viewers */ = {
			isa = PBXGroup;
			children = (
				EBCCE21328100BE2004DFCBB /* Models */,
				EBCCE21528100BE2004DFCBB /* TextViewController.swift */,
			);
			path = Viewers;
			sourceTree = "<group>";
		};
		EBCCE21328100BE2004DFCBB /* Models */ = {
			isa = PBXGroup;
			children = (
				EBCCE21428100BE2004DFCBB /* AttributedTextBlock.swift */,
			);
			path = Models;
			sourceTree = "<group>";
		};
		EBCCE21628100BE2004DFCBB /* Pickers */ = {
			isa = PBXGroup;
			children = (
				EBCCE21728100BE2004DFCBB /* Locale */,
				EBCCE22228100BE2004DFCBB /* TextFields */,
				EBCCE22528100BE2004DFCBB /* PhotoLibrary */,
				EBCCE22928100BE2004DFCBB /* Location */,
				EBCCE23128100BE2004DFCBB /* PickerView */,
				EBCCE23328100BE2004DFCBB /* Contacts */,
				EBCCE23B28100BE2004DFCBB /* Color */,
				EBCCE23D28100BE2004DFCBB /* Date */,
				EBCCE23F28100BE2004DFCBB /* Image */,
				EBCCE24328100BE2004DFCBB /* Telegram */,
			);
			path = Pickers;
			sourceTree = "<group>";
		};
		EBCCE21728100BE2004DFCBB /* Locale */ = {
			isa = PBXGroup;
			children = (
				EBCCE21828100BE2004DFCBB /* Countries.bundle */,
				EBCCE21928100BE2004DFCBB /* Managers */,
				EBCCE21B28100BE2004DFCBB /* Models */,
				EBCCE21D28100BE2004DFCBB /* LocalePickerViewController.swift */,
				EBCCE21E28100BE2004DFCBB /* Views */,
			);
			path = Locale;
			sourceTree = "<group>";
		};
		EBCCE21928100BE2004DFCBB /* Managers */ = {
			isa = PBXGroup;
			children = (
				EBCCE21A28100BE2004DFCBB /* LocaleStore.swift */,
			);
			path = Managers;
			sourceTree = "<group>";
		};
		EBCCE21B28100BE2004DFCBB /* Models */ = {
			isa = PBXGroup;
			children = (
				EBCCE21C28100BE2004DFCBB /* LocaleInfo.swift */,
			);
			path = Models;
			sourceTree = "<group>";
		};
		EBCCE21E28100BE2004DFCBB /* Views */ = {
			isa = PBXGroup;
			children = (
				EBCCE21F28100BE2004DFCBB /* PhoneCodeCell.swift */,
				EBCCE22028100BE2004DFCBB /* CurrencyCell.swift */,
				EBCCE22128100BE2004DFCBB /* CountryCell.swift */,
			);
			path = Views;
			sourceTree = "<group>";
		};
		EBCCE22228100BE2004DFCBB /* TextFields */ = {
			isa = PBXGroup;
			children = (
				EBCCE22328100BE2004DFCBB /* TwoTextFieldsViewController.swift */,
				EBCCE22428100BE2004DFCBB /* OneTextFieldViewController.swift */,
			);
			path = TextFields;
			sourceTree = "<group>";
		};
		EBCCE22528100BE2004DFCBB /* PhotoLibrary */ = {
			isa = PBXGroup;
			children = (
				EBCCE22628100BE2004DFCBB /* Managers */,
				EBCCE22828100BE2004DFCBB /* PhotoLibraryPickerViewController.swift */,
			);
			path = PhotoLibrary;
			sourceTree = "<group>";
		};
		EBCCE22628100BE2004DFCBB /* Managers */ = {
			isa = PBXGroup;
			children = (
				EBCCE22728100BE2004DFCBB /* Assets.swift */,
			);
			path = Managers;
			sourceTree = "<group>";
		};
		EBCCE22928100BE2004DFCBB /* Location */ = {
			isa = PBXGroup;
			children = (
				EBCCE22A28100BE2004DFCBB /* LocationSearchResultsViewController.swift */,
				EBCCE22B28100BE2004DFCBB /* LocationPickerViewController.swift */,
				EBCCE22C28100BE2004DFCBB /* Managers */,
				EBCCE22E28100BE2004DFCBB /* Models */,
			);
			path = Location;
			sourceTree = "<group>";
		};
		EBCCE22C28100BE2004DFCBB /* Managers */ = {
			isa = PBXGroup;
			children = (
				EBCCE22D28100BE2004DFCBB /* SearchHistoryManager.swift */,
			);
			path = Managers;
			sourceTree = "<group>";
		};
		EBCCE22E28100BE2004DFCBB /* Models */ = {
			isa = PBXGroup;
			children = (
				EBCCE22F28100BE2004DFCBB /* Location.swift */,
				EBCCE23028100BE2004DFCBB /* Address.swift */,
			);
			path = Models;
			sourceTree = "<group>";
		};
		EBCCE23128100BE2004DFCBB /* PickerView */ = {
			isa = PBXGroup;
			children = (
				EBCCE23228100BE2004DFCBB /* PickerViewViewController.swift */,
			);
			path = PickerView;
			sourceTree = "<group>";
		};
		EBCCE23328100BE2004DFCBB /* Contacts */ = {
			isa = PBXGroup;
			children = (
				EBCCE23428100BE2004DFCBB /* ContactsPickerViewController.swift */,
				EBCCE23528100BE2004DFCBB /* Managers */,
				EBCCE23728100BE2004DFCBB /* Models */,
				EBCCE23928100BE2004DFCBB /* Views */,
			);
			path = Contacts;
			sourceTree = "<group>";
		};
		EBCCE23528100BE2004DFCBB /* Managers */ = {
			isa = PBXGroup;
			children = (
				EBCCE23628100BE2004DFCBB /* Contacts.swift */,
			);
			path = Managers;
			sourceTree = "<group>";
		};
		EBCCE23728100BE2004DFCBB /* Models */ = {
			isa = PBXGroup;
			children = (
				EBCCE23828100BE2004DFCBB /* Contact.swift */,
			);
			path = Models;
			sourceTree = "<group>";
		};
		EBCCE23928100BE2004DFCBB /* Views */ = {
			isa = PBXGroup;
			children = (
				EBCCE23A28100BE2004DFCBB /* ContactCell.swift */,
			);
			path = Views;
			sourceTree = "<group>";
		};
		EBCCE23B28100BE2004DFCBB /* Color */ = {
			isa = PBXGroup;
			children = (
				EBCCE23C28100BE2004DFCBB /* ColorPickerViewController.swift */,
			);
			path = Color;
			sourceTree = "<group>";
		};
		EBCCE23D28100BE2004DFCBB /* Date */ = {
			isa = PBXGroup;
			children = (
				EBCCE23E28100BE2004DFCBB /* DatePickerViewController.swift */,
			);
			path = Date;
			sourceTree = "<group>";
		};
		EBCCE23F28100BE2004DFCBB /* Image */ = {
			isa = PBXGroup;
			children = (
				EBCCE24028100BE2004DFCBB /* ImagePickerViewController.swift */,
				EBCCE24128100BE2004DFCBB /* Views */,
			);
			path = Image;
			sourceTree = "<group>";
		};
		EBCCE24128100BE2004DFCBB /* Views */ = {
			isa = PBXGroup;
			children = (
				EBCCE24228100BE2004DFCBB /* ItemWithImage.swift */,
			);
			path = Views;
			sourceTree = "<group>";
		};
		EBCCE24328100BE2004DFCBB /* Telegram */ = {
			isa = PBXGroup;
			children = (
				EBCCE24428100BE2004DFCBB /* Layouts */,
				EBCCE24628100BE2004DFCBB /* TelegramPickerViewController.swift */,
				EBCCE24728100BE2004DFCBB /* Views */,
			);
			path = Telegram;
			sourceTree = "<group>";
		};
		EBCCE24428100BE2004DFCBB /* Layouts */ = {
			isa = PBXGroup;
			children = (
				EBCCE24528100BE2004DFCBB /* PhotoLayout.swift */,
			);
			path = Layouts;
			sourceTree = "<group>";
		};
		EBCCE24728100BE2004DFCBB /* Views */ = {
			isa = PBXGroup;
			children = (
				EBCCE24828100BE2004DFCBB /* ItemWithPhoto.swift */,
				EBCCE24928100BE2004DFCBB /* LikeButtonCell.swift */,
			);
			path = Views;
			sourceTree = "<group>";
		};
		EBCCE24A28100BE2004DFCBB /* Views */ = {
			isa = PBXGroup;
			children = (
				EBCCE24B28100BE2004DFCBB /* Label.swift */,
				EBCCE24C28100BE2004DFCBB /* SegmentedControl.swift */,
				EBCCE24D28100BE2004DFCBB /* GradientSlider.swift */,
				EBCCE24E28100BE2004DFCBB /* TextField.swift */,
				EBCCE24F28100BE2004DFCBB /* Button.swift */,
			);
			path = Views;
			sourceTree = "<group>";
		};
		EBF1663C27FC367700D8AC4A /* Models */ = {
			isa = PBXGroup;
			children = (
				EBF1663D27FC368900D8AC4A /* Travel.swift */,
				EBCCE28528102CB5004DFCBB /* SettingsItem.swift */,
			);
			path = Models;
			sourceTree = "<group>";
		};
		EBF3F36C2817D82E0023F509 /* Bag-PackUITests */ = {
			isa = PBXGroup;
			children = (
				EBF3F36D2817D82E0023F509 /* Bag_PackUITests.swift */,
				EBF3F36F2817D82E0023F509 /* Bag_PackUITestsLaunchTests.swift */,
			);
			path = "Bag-PackUITests";
			sourceTree = "<group>";
		};
		F700B52727B3F22900BDCD37 = {
			isa = PBXGroup;
			children = (
				F700B53227B3F22900BDCD37 /* Bag-Pack */,
				EB95016327FADA8B00AC10FA /* Bag-PackTests */,
				EBF3F36C2817D82E0023F509 /* Bag-PackUITests */,
				F700B53127B3F22900BDCD37 /* Products */,
				13656AA0F399AD0135DA84E4 /* Pods */,
				BEAF0A9504136E5668CFC69C /* Frameworks */,
			);
			sourceTree = "<group>";
		};
		F700B53127B3F22900BDCD37 /* Products */ = {
			isa = PBXGroup;
			children = (
				F700B53027B3F22900BDCD37 /* Bag-Pack.app */,
				EB95016227FADA8B00AC10FA /* Bag-PackTests.xctest */,
				EBF3F36B2817D82E0023F509 /* Bag-PackUITests.xctest */,
			);
			name = Products;
			sourceTree = "<group>";
		};
		F700B53227B3F22900BDCD37 /* Bag-Pack */ = {
			isa = PBXGroup;
			children = (
				EBCCE1FC28100B7C004DFCBB /* Libraries */,
				F700B53327B3F22900BDCD37 /* AppDelegate.swift */,
				F700B53527B3F22900BDCD37 /* SceneDelegate.swift */,
				EB0A818727FDC8C700314D58 /* NetworkManager */,
				EBF1663C27FC367700D8AC4A /* Models */,
				EB0A818827FDC8E300314D58 /* MockData */,
				EB0A818A27FDC8F900314D58 /* Extensions */,
				EB0A818B27FDC90900314D58 /* Helpers */,
				F700B54D27B3F56300BDCD37 /* Controllers */,
				EB91DC4C27B7DA7000D094A0 /* EssentialTableViewCell */,
				EB06254D2802FBFE001C248C /* SettingsTableViewCell */,
				EB0A819127FDD00A00314D58 /* CostTableViewCell */,
				F700B55627B42B9A00BDCD37 /* DashboardTableViewCell */,
				EB0A818C27FDC91800314D58 /* Global */,
				F700B53927B3F22900BDCD37 /* Main.storyboard */,
				F700B53E27B3F22A00BDCD37 /* LaunchScreen.storyboard */,
				F700B54127B3F22A00BDCD37 /* Info.plist */,
			);
			path = "Bag-Pack";
			sourceTree = "<group>";
		};
		F700B54D27B3F56300BDCD37 /* Controllers */ = {
			isa = PBXGroup;
			children = (
				F700B53727B3F22900BDCD37 /* DashboradViewController.swift */,
				EB6468482805AF4A00CBB4C4 /* NewEntryViewController.swift */,
				F700B54927B3F4A300BDCD37 /* EssentialViewController.swift */,
				F700B54B27B3F51C00BDCD37 /* CostViewController.swift */,
				F700B54727B3F48B00BDCD37 /* NoteViewController.swift */,
				EBB058952802DFCD00743B1A /* SettingsViewController.swift */,
			);
			path = Controllers;
			sourceTree = "<group>";
		};
		F700B55627B42B9A00BDCD37 /* DashboardTableViewCell */ = {
			isa = PBXGroup;
			children = (
				F700B55227B42B9400BDCD37 /* DashboardTableViewCell.swift */,
				F700B55327B42B9400BDCD37 /* DashboardTableViewCell.xib */,
			);
			path = DashboardTableViewCell;
			sourceTree = "<group>";
		};
/* End PBXGroup section */

/* Begin PBXNativeTarget section */
		EB95016127FADA8B00AC10FA /* Bag-PackTests */ = {
			isa = PBXNativeTarget;
			buildConfigurationList = EB95016A27FADA8B00AC10FA /* Build configuration list for PBXNativeTarget "Bag-PackTests" */;
			buildPhases = (
				EB95015E27FADA8B00AC10FA /* Sources */,
				EB95015F27FADA8B00AC10FA /* Frameworks */,
				EB95016027FADA8B00AC10FA /* Resources */,
			);
			buildRules = (
			);
			dependencies = (
				EB95016727FADA8B00AC10FA /* PBXTargetDependency */,
			);
			name = "Bag-PackTests";
			productName = "Bag-PackTests";
			productReference = EB95016227FADA8B00AC10FA /* Bag-PackTests.xctest */;
			productType = "com.apple.product-type.bundle.unit-test";
		};
		EBF3F36A2817D82E0023F509 /* Bag-PackUITests */ = {
			isa = PBXNativeTarget;
			buildConfigurationList = EBF3F3752817D82E0023F509 /* Build configuration list for PBXNativeTarget "Bag-PackUITests" */;
			buildPhases = (
				EBF3F3672817D82E0023F509 /* Sources */,
				EBF3F3682817D82E0023F509 /* Frameworks */,
				EBF3F3692817D82E0023F509 /* Resources */,
			);
			buildRules = (
			);
			dependencies = (
				EBF3F3722817D82E0023F509 /* PBXTargetDependency */,
			);
			name = "Bag-PackUITests";
			productName = "Bag-PackUITests";
			productReference = EBF3F36B2817D82E0023F509 /* Bag-PackUITests.xctest */;
			productType = "com.apple.product-type.bundle.ui-testing";
		};
		F700B52F27B3F22900BDCD37 /* Bag-Pack */ = {
			isa = PBXNativeTarget;
			buildConfigurationList = F700B54427B3F22A00BDCD37 /* Build configuration list for PBXNativeTarget "Bag-Pack" */;
			buildPhases = (
				E33054AF30974EFD98C166BA /* [CP] Check Pods Manifest.lock */,
				F700B52C27B3F22900BDCD37 /* Sources */,
				F700B52D27B3F22900BDCD37 /* Frameworks */,
				F700B52E27B3F22900BDCD37 /* Resources */,
				9B48DEA1A776024E3A3B439A /* [CP] Embed Pods Frameworks */,
			);
			buildRules = (
			);
			dependencies = (
			);
			name = "Bag-Pack";
			packageProductDependencies = (
				EB553381281D5E5F007A8BDC /* AppleWelcomeScreen */,
			);
			productName = "Bag-Pack";
			productReference = F700B53027B3F22900BDCD37 /* Bag-Pack.app */;
			productType = "com.apple.product-type.application";
		};
/* End PBXNativeTarget section */

/* Begin PBXProject section */
		F700B52827B3F22900BDCD37 /* Project object */ = {
			isa = PBXProject;
			attributes = {
				BuildIndependentTargetsInParallel = 1;
				LastSwiftUpdateCheck = 1330;
				LastUpgradeCheck = 1320;
				TargetAttributes = {
					EB95016127FADA8B00AC10FA = {
						CreatedOnToolsVersion = 13.3;
						TestTargetID = F700B52F27B3F22900BDCD37;
					};
					EBF3F36A2817D82E0023F509 = {
						CreatedOnToolsVersion = 13.3;
						TestTargetID = F700B52F27B3F22900BDCD37;
					};
					F700B52F27B3F22900BDCD37 = {
						CreatedOnToolsVersion = 13.2.1;
					};
				};
			};
			buildConfigurationList = F700B52B27B3F22900BDCD37 /* Build configuration list for PBXProject "Bag-Pack" */;
			compatibilityVersion = "Xcode 13.0";
			developmentRegion = en;
			hasScannedForEncodings = 0;
			knownRegions = (
				en,
				Base,
			);
			mainGroup = F700B52727B3F22900BDCD37;
			packageReferences = (
				EB553380281D5E5F007A8BDC /* XCRemoteSwiftPackageReference "AppleWelcomeScreen" */,
			);
			productRefGroup = F700B53127B3F22900BDCD37 /* Products */;
			projectDirPath = "";
			projectRoot = "";
			targets = (
				F700B52F27B3F22900BDCD37 /* Bag-Pack */,
				EB95016127FADA8B00AC10FA /* Bag-PackTests */,
				EBF3F36A2817D82E0023F509 /* Bag-PackUITests */,
			);
		};
/* End PBXProject section */

/* Begin PBXResourcesBuildPhase section */
		EB95016027FADA8B00AC10FA /* Resources */ = {
			isa = PBXResourcesBuildPhase;
			buildActionMask = 2147483647;
			files = (
			);
			runOnlyForDeploymentPostprocessing = 0;
		};
		EBF3F3692817D82E0023F509 /* Resources */ = {
			isa = PBXResourcesBuildPhase;
			buildActionMask = 2147483647;
			files = (
			);
			runOnlyForDeploymentPostprocessing = 0;
		};
		F700B52E27B3F22900BDCD37 /* Resources */ = {
			isa = PBXResourcesBuildPhase;
			buildActionMask = 2147483647;
			files = (
				EB0625552803033D001C248C /* SettingsTableViewCell.xib in Resources */,
				F700B54027B3F22A00BDCD37 /* LaunchScreen.storyboard in Resources */,
				F700B53D27B3F22A00BDCD37 /* Assets.xcassets in Resources */,
				F700B55527B42B9400BDCD37 /* DashboardTableViewCell.xib in Resources */,
				EBCCE26328100BE2004DFCBB /* Countries.bundle in Resources */,
				F700B53B27B3F22900BDCD37 /* Main.storyboard in Resources */,
				EB0A819027FDD00000314D58 /* CostTableViewCell.xib in Resources */,
				EB91DC4B27B7DA6600D094A0 /* EssentialTableViewCell.xib in Resources */,
			);
			runOnlyForDeploymentPostprocessing = 0;
		};
/* End PBXResourcesBuildPhase section */

/* Begin PBXShellScriptBuildPhase section */
		9B48DEA1A776024E3A3B439A /* [CP] Embed Pods Frameworks */ = {
			isa = PBXShellScriptBuildPhase;
			buildActionMask = 2147483647;
			files = (
			);
			inputFileListPaths = (
				"${PODS_ROOT}/Target Support Files/Pods-Bag-Pack/Pods-Bag-Pack-frameworks-${CONFIGURATION}-input-files.xcfilelist",
			);
			name = "[CP] Embed Pods Frameworks";
			outputFileListPaths = (
				"${PODS_ROOT}/Target Support Files/Pods-Bag-Pack/Pods-Bag-Pack-frameworks-${CONFIGURATION}-output-files.xcfilelist",
			);
			runOnlyForDeploymentPostprocessing = 0;
			shellPath = /bin/sh;
			shellScript = "\"${PODS_ROOT}/Target Support Files/Pods-Bag-Pack/Pods-Bag-Pack-frameworks.sh\"\n";
			showEnvVarsInLog = 0;
		};
		E33054AF30974EFD98C166BA /* [CP] Check Pods Manifest.lock */ = {
			isa = PBXShellScriptBuildPhase;
			buildActionMask = 2147483647;
			files = (
			);
			inputFileListPaths = (
			);
			inputPaths = (
				"${PODS_PODFILE_DIR_PATH}/Podfile.lock",
				"${PODS_ROOT}/Manifest.lock",
			);
			name = "[CP] Check Pods Manifest.lock";
			outputFileListPaths = (
			);
			outputPaths = (
				"$(DERIVED_FILE_DIR)/Pods-Bag-Pack-checkManifestLockResult.txt",
			);
			runOnlyForDeploymentPostprocessing = 0;
			shellPath = /bin/sh;
			shellScript = "diff \"${PODS_PODFILE_DIR_PATH}/Podfile.lock\" \"${PODS_ROOT}/Manifest.lock\" > /dev/null\nif [ $? != 0 ] ; then\n    # print error to STDERR\n    echo \"error: The sandbox is not in sync with the Podfile.lock. Run 'pod install' or update your CocoaPods installation.\" >&2\n    exit 1\nfi\n# This output is used by Xcode 'outputs' to avoid re-running this script phase.\necho \"SUCCESS\" > \"${SCRIPT_OUTPUT_FILE_0}\"\n";
			showEnvVarsInLog = 0;
		};
/* End PBXShellScriptBuildPhase section */

/* Begin PBXSourcesBuildPhase section */
		EB95015E27FADA8B00AC10FA /* Sources */ = {
			isa = PBXSourcesBuildPhase;
			buildActionMask = 2147483647;
			files = (
				EB062551280302B4001C248C /* SettingsTest.swift in Sources */,
				EBCD4795280DA22B00069FEC /* EntryTests.swift in Sources */,
				EBF1664027FC387E00D8AC4A /* DashboardTests.swift in Sources */,
				EB06254F2802FF8E001C248C /* CostTests.swift in Sources */,
				EBF1664827FC8E3700D8AC4A /* EssentialTests.swift in Sources */,
				EB4EC2C2280EE81D0027243F /* GeneralTests.swift in Sources */,
			);
			runOnlyForDeploymentPostprocessing = 0;
		};
		EBF3F3672817D82E0023F509 /* Sources */ = {
			isa = PBXSourcesBuildPhase;
			buildActionMask = 2147483647;
			files = (
				EBF3F3702817D82E0023F509 /* Bag_PackUITestsLaunchTests.swift in Sources */,
				EBF3F36E2817D82E0023F509 /* Bag_PackUITests.swift in Sources */,
			);
			runOnlyForDeploymentPostprocessing = 0;
		};
		F700B52C27B3F22900BDCD37 /* Sources */ = {
			isa = PBXSourcesBuildPhase;
			buildActionMask = 2147483647;
			files = (
				EBCCE25528100BE2004DFCBB /* Date+Extension.swift in Sources */,
				EBCCE25328100BE2004DFCBB /* UIViewController+Extensions.swift in Sources */,
				EBCCE26828100BE2004DFCBB /* CurrencyCell.swift in Sources */,
				EBCCE28328100BE2004DFCBB /* TextField.swift in Sources */,
				EB95016D27FAEBFE00AC10FA /* NetworkManager.swift in Sources */,
				EBCCE27228100BE2004DFCBB /* Address.swift in Sources */,
				EBCCE27428100BE2004DFCBB /* ContactsPickerViewController.swift in Sources */,
				EBCCE26928100BE2004DFCBB /* CountryCell.swift in Sources */,
				EBF1664427FC481A00D8AC4A /* MockData.swift in Sources */,
				EBCCE27128100BE2004DFCBB /* Location.swift in Sources */,
				EBCCE25F28100BE2004DFCBB /* Locale+Extensions.swift in Sources */,
				EBCCE25228100BE2004DFCBB /* UIImageView+Extensions.swift in Sources */,
				F700B54A27B3F4A300BDCD37 /* EssentialViewController.swift in Sources */,
				EBCCE27328100BE2004DFCBB /* PickerViewViewController.swift in Sources */,
				EB0A818F27FDD00000314D58 /* CostTableViewCell.swift in Sources */,
				EBCCE25428100BE2004DFCBB /* UIView+Extensions.swift in Sources */,
				EBCCE26E28100BE2004DFCBB /* LocationSearchResultsViewController.swift in Sources */,
				F700B53827B3F22900BDCD37 /* DashboradViewController.swift in Sources */,
				EBCCE26F28100BE2004DFCBB /* LocationPickerViewController.swift in Sources */,
				EBCCE25A28100BE2004DFCBB /* UISearchBar+Extensions.swift in Sources */,
				EBCCE26D28100BE2004DFCBB /* PhotoLibraryPickerViewController.swift in Sources */,
				EB91DC4A27B7DA6600D094A0 /* EssentialTableViewCell.swift in Sources */,
				EBCCE25728100BE2004DFCBB /* UITextView+Extensions.swift in Sources */,
				EBCCE25828100BE2004DFCBB /* UIColor+Extensions.swift in Sources */,
				EBF1664627FC4C5800D8AC4A /* AlertManager.swift in Sources */,
				EBB058962802DFCD00743B1A /* SettingsViewController.swift in Sources */,
				F700B54C27B3F51C00BDCD37 /* CostViewController.swift in Sources */,
				EBCCE27F28100BE2004DFCBB /* LikeButtonCell.swift in Sources */,
				EBCCE26228100BE2004DFCBB /* TextViewController.swift in Sources */,
				EBCCE27C28100BE2004DFCBB /* PhotoLayout.swift in Sources */,
				EBCCE26628100BE2004DFCBB /* LocalePickerViewController.swift in Sources */,
				EBCCE25E28100BE2004DFCBB /* Common+Extensions.swift in Sources */,
				EBCD4797280DACC400069FEC /* SlideUpAnimator.swift in Sources */,
				EBCCE26728100BE2004DFCBB /* PhoneCodeCell.swift in Sources */,
				EBCCE25628100BE2004DFCBB /* String+Extensions.swift in Sources */,
				F700B54827B3F48B00BDCD37 /* NoteViewController.swift in Sources */,
				EBCCE27A28100BE2004DFCBB /* ImagePickerViewController.swift in Sources */,
				EBCCE25D28100BE2004DFCBB /* Optional+Extensions.swift in Sources */,
				EBCCE25B28100BE2004DFCBB /* UIApplication+Extensions.swift in Sources */,
				EBCCE25028100BE2004DFCBB /* Array+Extensions.swift in Sources */,
				EB6468492805AF4A00CBB4C4 /* NewEntryViewController.swift in Sources */,
				EBCCE27E28100BE2004DFCBB /* ItemWithPhoto.swift in Sources */,
				EBCCE26A28100BE2004DFCBB /* TwoTextFieldsViewController.swift in Sources */,
				EBF1664227FC46A300D8AC4A /* GlobalVariables.swift in Sources */,
				EBCCE27628100BE2004DFCBB /* Contact.swift in Sources */,
				EBCCE27728100BE2004DFCBB /* ContactCell.swift in Sources */,
				EB0625542803033D001C248C /* SettingsTableViewCell.swift in Sources */,
				EBCCE28128100BE2004DFCBB /* SegmentedControl.swift in Sources */,
				EBCCE26428100BE2004DFCBB /* LocaleStore.swift in Sources */,
				EBCCE27B28100BE2004DFCBB /* ItemWithImage.swift in Sources */,
				EBCCE26B28100BE2004DFCBB /* OneTextFieldViewController.swift in Sources */,
				EBCCE27828100BE2004DFCBB /* ColorPickerViewController.swift in Sources */,
				F700B53427B3F22900BDCD37 /* AppDelegate.swift in Sources */,
				EBCCE28628102CB5004DFCBB /* SettingsItem.swift in Sources */,
				EBF1663E27FC368900D8AC4A /* Travel.swift in Sources */,
				EBCCE27028100BE2004DFCBB /* SearchHistoryManager.swift in Sources */,
				EBCCE26528100BE2004DFCBB /* LocaleInfo.swift in Sources */,
				EBCCE25C28100BE2004DFCBB /* UIAlertController+Extensions.swift in Sources */,
				EBCCE25128100BE2004DFCBB /* UISegmentedControl+Extensions.swift in Sources */,
				EBCCE27528100BE2004DFCBB /* Contacts.swift in Sources */,
				EBCCE27D28100BE2004DFCBB /* TelegramPickerViewController.swift in Sources */,
				F700B53627B3F22900BDCD37 /* SceneDelegate.swift in Sources */,
				F700B55427B42B9400BDCD37 /* DashboardTableViewCell.swift in Sources */,
				EBCCE26128100BE2004DFCBB /* AttributedTextBlock.swift in Sources */,
				EBCCE26028100BE2004DFCBB /* UITextField+Extensions.swift in Sources */,
				EBCCE27928100BE2004DFCBB /* DatePickerViewController.swift in Sources */,
				EB0A818627FDC8AB00314D58 /* Extensions.swift in Sources */,
				EBCCE25928100BE2004DFCBB /* UIImage+Extensions.swift in Sources */,
				EBCCE26C28100BE2004DFCBB /* Assets.swift in Sources */,
				EBCCE28228100BE2004DFCBB /* GradientSlider.swift in Sources */,
				EBCCE28028100BE2004DFCBB /* Label.swift in Sources */,
				EBCCE28428100BE2004DFCBB /* Button.swift in Sources */,
			);
			runOnlyForDeploymentPostprocessing = 0;
		};
/* End PBXSourcesBuildPhase section */

/* Begin PBXTargetDependency section */
		EB95016727FADA8B00AC10FA /* PBXTargetDependency */ = {
			isa = PBXTargetDependency;
			target = F700B52F27B3F22900BDCD37 /* Bag-Pack */;
			targetProxy = EB95016627FADA8B00AC10FA /* PBXContainerItemProxy */;
		};
		EBF3F3722817D82E0023F509 /* PBXTargetDependency */ = {
			isa = PBXTargetDependency;
			target = F700B52F27B3F22900BDCD37 /* Bag-Pack */;
			targetProxy = EBF3F3712817D82E0023F509 /* PBXContainerItemProxy */;
		};
/* End PBXTargetDependency section */

/* Begin PBXVariantGroup section */
		F700B53927B3F22900BDCD37 /* Main.storyboard */ = {
			isa = PBXVariantGroup;
			children = (
				F700B53A27B3F22900BDCD37 /* Base */,
			);
			name = Main.storyboard;
			sourceTree = "<group>";
		};
		F700B53E27B3F22A00BDCD37 /* LaunchScreen.storyboard */ = {
			isa = PBXVariantGroup;
			children = (
				F700B53F27B3F22A00BDCD37 /* Base */,
			);
			name = LaunchScreen.storyboard;
			sourceTree = "<group>";
		};
/* End PBXVariantGroup section */

/* Begin XCBuildConfiguration section */
		EB95016827FADA8B00AC10FA /* Debug */ = {
			isa = XCBuildConfiguration;
			buildSettings = {
				BUNDLE_LOADER = "$(TEST_HOST)";
				CODE_SIGN_STYLE = Automatic;
				CURRENT_PROJECT_VERSION = 1;
				DEVELOPMENT_TEAM = 8U9S422V4H;
				GENERATE_INFOPLIST_FILE = YES;
				IPHONEOS_DEPLOYMENT_TARGET = 15.4;
				MARKETING_VERSION = 1.0;
				PRODUCT_BUNDLE_IDENTIFIER = "com.raywenderlich.Bag-PackTests";
				PRODUCT_NAME = "$(TARGET_NAME)";
				SWIFT_EMIT_LOC_STRINGS = NO;
				SWIFT_VERSION = 5.0;
				TARGETED_DEVICE_FAMILY = "1,2";
				TEST_HOST = "$(BUILT_PRODUCTS_DIR)/Bag-Pack.app/Bag-Pack";
			};
			name = Debug;
		};
		EB95016927FADA8B00AC10FA /* Release */ = {
			isa = XCBuildConfiguration;
			buildSettings = {
				BUNDLE_LOADER = "$(TEST_HOST)";
				CODE_SIGN_STYLE = Automatic;
				CURRENT_PROJECT_VERSION = 1;
				DEVELOPMENT_TEAM = 8U9S422V4H;
				GENERATE_INFOPLIST_FILE = YES;
				IPHONEOS_DEPLOYMENT_TARGET = 15.4;
				MARKETING_VERSION = 1.0;
				PRODUCT_BUNDLE_IDENTIFIER = "com.raywenderlich.Bag-PackTests";
				PRODUCT_NAME = "$(TARGET_NAME)";
				SWIFT_EMIT_LOC_STRINGS = NO;
				SWIFT_VERSION = 5.0;
				TARGETED_DEVICE_FAMILY = "1,2";
				TEST_HOST = "$(BUILT_PRODUCTS_DIR)/Bag-Pack.app/Bag-Pack";
			};
			name = Release;
		};
		EBF3F3732817D82E0023F509 /* Debug */ = {
			isa = XCBuildConfiguration;
			buildSettings = {
				CODE_SIGN_STYLE = Automatic;
				CURRENT_PROJECT_VERSION = 1;
				DEVELOPMENT_TEAM = 8U9S422V4H;
				GENERATE_INFOPLIST_FILE = YES;
				IPHONEOS_DEPLOYMENT_TARGET = 15.4;
				MARKETING_VERSION = 1.0;
				PRODUCT_BUNDLE_IDENTIFIER = "rezakashkoul.Bag-Pack.Bag-PackUITests";
				PRODUCT_NAME = "$(TARGET_NAME)";
				SWIFT_EMIT_LOC_STRINGS = NO;
				SWIFT_VERSION = 5.0;
				TARGETED_DEVICE_FAMILY = "1,2";
				TEST_TARGET_NAME = "Bag-Pack";
			};
			name = Debug;
		};
		EBF3F3742817D82E0023F509 /* Release */ = {
			isa = XCBuildConfiguration;
			buildSettings = {
				CODE_SIGN_STYLE = Automatic;
				CURRENT_PROJECT_VERSION = 1;
				DEVELOPMENT_TEAM = 8U9S422V4H;
				GENERATE_INFOPLIST_FILE = YES;
				IPHONEOS_DEPLOYMENT_TARGET = 15.4;
				MARKETING_VERSION = 1.0;
				PRODUCT_BUNDLE_IDENTIFIER = "rezakashkoul.Bag-Pack.Bag-PackUITests";
				PRODUCT_NAME = "$(TARGET_NAME)";
				SWIFT_EMIT_LOC_STRINGS = NO;
				SWIFT_VERSION = 5.0;
				TARGETED_DEVICE_FAMILY = "1,2";
				TEST_TARGET_NAME = "Bag-Pack";
			};
			name = Release;
		};
		F700B54227B3F22A00BDCD37 /* Debug */ = {
			isa = XCBuildConfiguration;
			buildSettings = {
				ALWAYS_SEARCH_USER_PATHS = NO;
				CLANG_ANALYZER_NONNULL = YES;
				CLANG_ANALYZER_NUMBER_OBJECT_CONVERSION = YES_AGGRESSIVE;
				CLANG_CXX_LANGUAGE_STANDARD = "gnu++17";
				CLANG_CXX_LIBRARY = "libc++";
				CLANG_ENABLE_MODULES = YES;
				CLANG_ENABLE_OBJC_ARC = YES;
				CLANG_ENABLE_OBJC_WEAK = YES;
				CLANG_WARN_BLOCK_CAPTURE_AUTORELEASING = YES;
				CLANG_WARN_BOOL_CONVERSION = YES;
				CLANG_WARN_COMMA = YES;
				CLANG_WARN_CONSTANT_CONVERSION = YES;
				CLANG_WARN_DEPRECATED_OBJC_IMPLEMENTATIONS = YES;
				CLANG_WARN_DIRECT_OBJC_ISA_USAGE = YES_ERROR;
				CLANG_WARN_DOCUMENTATION_COMMENTS = YES;
				CLANG_WARN_EMPTY_BODY = YES;
				CLANG_WARN_ENUM_CONVERSION = YES;
				CLANG_WARN_INFINITE_RECURSION = YES;
				CLANG_WARN_INT_CONVERSION = YES;
				CLANG_WARN_NON_LITERAL_NULL_CONVERSION = YES;
				CLANG_WARN_OBJC_IMPLICIT_RETAIN_SELF = YES;
				CLANG_WARN_OBJC_LITERAL_CONVERSION = YES;
				CLANG_WARN_OBJC_ROOT_CLASS = YES_ERROR;
				CLANG_WARN_QUOTED_INCLUDE_IN_FRAMEWORK_HEADER = YES;
				CLANG_WARN_RANGE_LOOP_ANALYSIS = YES;
				CLANG_WARN_STRICT_PROTOTYPES = YES;
				CLANG_WARN_SUSPICIOUS_MOVE = YES;
				CLANG_WARN_UNGUARDED_AVAILABILITY = YES_AGGRESSIVE;
				CLANG_WARN_UNREACHABLE_CODE = YES;
				CLANG_WARN__DUPLICATE_METHOD_MATCH = YES;
				COPY_PHASE_STRIP = NO;
				DEBUG_INFORMATION_FORMAT = dwarf;
				ENABLE_STRICT_OBJC_MSGSEND = YES;
				ENABLE_TESTABILITY = YES;
				GCC_C_LANGUAGE_STANDARD = gnu11;
				GCC_DYNAMIC_NO_PIC = NO;
				GCC_NO_COMMON_BLOCKS = YES;
				GCC_OPTIMIZATION_LEVEL = 0;
				GCC_PREPROCESSOR_DEFINITIONS = (
					"DEBUG=1",
					"$(inherited)",
				);
				GCC_WARN_64_TO_32_BIT_CONVERSION = YES;
				GCC_WARN_ABOUT_RETURN_TYPE = YES_ERROR;
				GCC_WARN_UNDECLARED_SELECTOR = YES;
				GCC_WARN_UNINITIALIZED_AUTOS = YES_AGGRESSIVE;
				GCC_WARN_UNUSED_FUNCTION = YES;
				GCC_WARN_UNUSED_VARIABLE = YES;
				IPHONEOS_DEPLOYMENT_TARGET = 11.0;
				MTL_ENABLE_DEBUG_INFO = INCLUDE_SOURCE;
				MTL_FAST_MATH = YES;
				ONLY_ACTIVE_ARCH = YES;
				SDKROOT = iphoneos;
				SWIFT_ACTIVE_COMPILATION_CONDITIONS = DEBUG;
				SWIFT_OPTIMIZATION_LEVEL = "-Onone";
			};
			name = Debug;
		};
		F700B54327B3F22A00BDCD37 /* Release */ = {
			isa = XCBuildConfiguration;
			buildSettings = {
				ALWAYS_SEARCH_USER_PATHS = NO;
				CLANG_ANALYZER_NONNULL = YES;
				CLANG_ANALYZER_NUMBER_OBJECT_CONVERSION = YES_AGGRESSIVE;
				CLANG_CXX_LANGUAGE_STANDARD = "gnu++17";
				CLANG_CXX_LIBRARY = "libc++";
				CLANG_ENABLE_MODULES = YES;
				CLANG_ENABLE_OBJC_ARC = YES;
				CLANG_ENABLE_OBJC_WEAK = YES;
				CLANG_WARN_BLOCK_CAPTURE_AUTORELEASING = YES;
				CLANG_WARN_BOOL_CONVERSION = YES;
				CLANG_WARN_COMMA = YES;
				CLANG_WARN_CONSTANT_CONVERSION = YES;
				CLANG_WARN_DEPRECATED_OBJC_IMPLEMENTATIONS = YES;
				CLANG_WARN_DIRECT_OBJC_ISA_USAGE = YES_ERROR;
				CLANG_WARN_DOCUMENTATION_COMMENTS = YES;
				CLANG_WARN_EMPTY_BODY = YES;
				CLANG_WARN_ENUM_CONVERSION = YES;
				CLANG_WARN_INFINITE_RECURSION = YES;
				CLANG_WARN_INT_CONVERSION = YES;
				CLANG_WARN_NON_LITERAL_NULL_CONVERSION = YES;
				CLANG_WARN_OBJC_IMPLICIT_RETAIN_SELF = YES;
				CLANG_WARN_OBJC_LITERAL_CONVERSION = YES;
				CLANG_WARN_OBJC_ROOT_CLASS = YES_ERROR;
				CLANG_WARN_QUOTED_INCLUDE_IN_FRAMEWORK_HEADER = YES;
				CLANG_WARN_RANGE_LOOP_ANALYSIS = YES;
				CLANG_WARN_STRICT_PROTOTYPES = YES;
				CLANG_WARN_SUSPICIOUS_MOVE = YES;
				CLANG_WARN_UNGUARDED_AVAILABILITY = YES_AGGRESSIVE;
				CLANG_WARN_UNREACHABLE_CODE = YES;
				CLANG_WARN__DUPLICATE_METHOD_MATCH = YES;
				COPY_PHASE_STRIP = NO;
				DEBUG_INFORMATION_FORMAT = "dwarf-with-dsym";
				ENABLE_NS_ASSERTIONS = NO;
				ENABLE_STRICT_OBJC_MSGSEND = YES;
				GCC_C_LANGUAGE_STANDARD = gnu11;
				GCC_NO_COMMON_BLOCKS = YES;
				GCC_WARN_64_TO_32_BIT_CONVERSION = YES;
				GCC_WARN_ABOUT_RETURN_TYPE = YES_ERROR;
				GCC_WARN_UNDECLARED_SELECTOR = YES;
				GCC_WARN_UNINITIALIZED_AUTOS = YES_AGGRESSIVE;
				GCC_WARN_UNUSED_FUNCTION = YES;
				GCC_WARN_UNUSED_VARIABLE = YES;
				IPHONEOS_DEPLOYMENT_TARGET = 11.0;
				MTL_ENABLE_DEBUG_INFO = NO;
				MTL_FAST_MATH = YES;
				SDKROOT = iphoneos;
				SWIFT_COMPILATION_MODE = wholemodule;
				SWIFT_OPTIMIZATION_LEVEL = "-O";
				VALIDATE_PRODUCT = YES;
			};
			name = Release;
		};
		F700B54527B3F22A00BDCD37 /* Debug */ = {
			isa = XCBuildConfiguration;
			baseConfigurationReference = BF3E2555C1B7B906CA9930E2 /* Pods-Bag-Pack.debug.xcconfig */;
			buildSettings = {
				ASSETCATALOG_COMPILER_APPICON_NAME = AppIcon;
				ASSETCATALOG_COMPILER_GLOBAL_ACCENT_COLOR_NAME = AccentColor;
				CODE_SIGN_STYLE = Automatic;
				CURRENT_PROJECT_VERSION = 1;
				DEVELOPMENT_TEAM = 967Q89UR83;
				GENERATE_INFOPLIST_FILE = YES;
				INFOPLIST_FILE = "Bag-Pack/Info.plist";
				INFOPLIST_KEY_UIApplicationSupportsIndirectInputEvents = YES;
				INFOPLIST_KEY_UILaunchStoryboardName = LaunchScreen;
				INFOPLIST_KEY_UIMainStoryboardFile = Main;
				INFOPLIST_KEY_UISupportedInterfaceOrientations = UIInterfaceOrientationPortrait;
				INFOPLIST_KEY_UISupportedInterfaceOrientations_iPad = "UIInterfaceOrientationPortrait UIInterfaceOrientationPortraitUpsideDown UIInterfaceOrientationLandscapeLeft UIInterfaceOrientationLandscapeRight";
				INFOPLIST_KEY_UISupportedInterfaceOrientations_iPhone = "UIInterfaceOrientationPortrait UIInterfaceOrientationLandscapeLeft UIInterfaceOrientationLandscapeRight";
				IPHONEOS_DEPLOYMENT_TARGET = 11.0;
				LD_RUNPATH_SEARCH_PATHS = (
					"$(inherited)",
					"@executable_path/Frameworks",
				);
				MARKETING_VERSION = "1.0.5 Beta";
				PRODUCT_BUNDLE_IDENTIFIER = "rezakashkoul.Bag-Pack";
				PRODUCT_NAME = "$(TARGET_NAME)";
				SWIFT_EMIT_LOC_STRINGS = YES;
				SWIFT_VERSION = 5.0;
				TARGETED_DEVICE_FAMILY = 1;
			};
			name = Debug;
		};
		F700B54627B3F22A00BDCD37 /* Release */ = {
			isa = XCBuildConfiguration;
			baseConfigurationReference = 8DBC46D2AA935D72779AD19E /* Pods-Bag-Pack.release.xcconfig */;
			buildSettings = {
				ASSETCATALOG_COMPILER_APPICON_NAME = AppIcon;
				ASSETCATALOG_COMPILER_GLOBAL_ACCENT_COLOR_NAME = AccentColor;
				CODE_SIGN_STYLE = Automatic;
				CURRENT_PROJECT_VERSION = 1;
				DEVELOPMENT_TEAM = 967Q89UR83;
				GENERATE_INFOPLIST_FILE = YES;
				INFOPLIST_FILE = "Bag-Pack/Info.plist";
				INFOPLIST_KEY_UIApplicationSupportsIndirectInputEvents = YES;
				INFOPLIST_KEY_UILaunchStoryboardName = LaunchScreen;
				INFOPLIST_KEY_UIMainStoryboardFile = Main;
				INFOPLIST_KEY_UISupportedInterfaceOrientations = UIInterfaceOrientationPortrait;
				INFOPLIST_KEY_UISupportedInterfaceOrientations_iPad = "UIInterfaceOrientationPortrait UIInterfaceOrientationPortraitUpsideDown UIInterfaceOrientationLandscapeLeft UIInterfaceOrientationLandscapeRight";
				INFOPLIST_KEY_UISupportedInterfaceOrientations_iPhone = "UIInterfaceOrientationPortrait UIInterfaceOrientationLandscapeLeft UIInterfaceOrientationLandscapeRight";
				IPHONEOS_DEPLOYMENT_TARGET = 11.0;
				LD_RUNPATH_SEARCH_PATHS = (
					"$(inherited)",
					"@executable_path/Frameworks",
				);
				MARKETING_VERSION = "1.0.5 Beta";
				PRODUCT_BUNDLE_IDENTIFIER = "rezakashkoul.Bag-Pack";
				PRODUCT_NAME = "$(TARGET_NAME)";
				SWIFT_EMIT_LOC_STRINGS = YES;
				SWIFT_VERSION = 5.0;
				TARGETED_DEVICE_FAMILY = 1;
			};
			name = Release;
		};
/* End XCBuildConfiguration section */

/* Begin XCConfigurationList section */
		EB95016A27FADA8B00AC10FA /* Build configuration list for PBXNativeTarget "Bag-PackTests" */ = {
			isa = XCConfigurationList;
			buildConfigurations = (
				EB95016827FADA8B00AC10FA /* Debug */,
				EB95016927FADA8B00AC10FA /* Release */,
			);
			defaultConfigurationIsVisible = 0;
			defaultConfigurationName = Release;
		};
		EBF3F3752817D82E0023F509 /* Build configuration list for PBXNativeTarget "Bag-PackUITests" */ = {
			isa = XCConfigurationList;
			buildConfigurations = (
				EBF3F3732817D82E0023F509 /* Debug */,
				EBF3F3742817D82E0023F509 /* Release */,
			);
			defaultConfigurationIsVisible = 0;
			defaultConfigurationName = Release;
		};
		F700B52B27B3F22900BDCD37 /* Build configuration list for PBXProject "Bag-Pack" */ = {
			isa = XCConfigurationList;
			buildConfigurations = (
				F700B54227B3F22A00BDCD37 /* Debug */,
				F700B54327B3F22A00BDCD37 /* Release */,
			);
			defaultConfigurationIsVisible = 0;
			defaultConfigurationName = Release;
		};
		F700B54427B3F22A00BDCD37 /* Build configuration list for PBXNativeTarget "Bag-Pack" */ = {
			isa = XCConfigurationList;
			buildConfigurations = (
				F700B54527B3F22A00BDCD37 /* Debug */,
				F700B54627B3F22A00BDCD37 /* Release */,
			);
			defaultConfigurationIsVisible = 0;
			defaultConfigurationName = Release;
		};
/* End XCConfigurationList section */

/* Begin XCRemoteSwiftPackageReference section */
		EB553380281D5E5F007A8BDC /* XCRemoteSwiftPackageReference "AppleWelcomeScreen" */ = {
			isa = XCRemoteSwiftPackageReference;
			repositoryURL = "https://github.com/WilsonGramer/AppleWelcomeScreen.git";
			requirement = {
				kind = upToNextMajorVersion;
				minimumVersion = 2.0.0;
			};
		};
/* End XCRemoteSwiftPackageReference section */

/* Begin XCSwiftPackageProductDependency section */
		EB553381281D5E5F007A8BDC /* AppleWelcomeScreen */ = {
			isa = XCSwiftPackageProductDependency;
			package = EB553380281D5E5F007A8BDC /* XCRemoteSwiftPackageReference "AppleWelcomeScreen" */;
			productName = AppleWelcomeScreen;
		};
/* End XCSwiftPackageProductDependency section */
	};
	rootObject = F700B52827B3F22900BDCD37 /* Project object */;
}
