// !$*UTF8*$!
{
	archiveVersion = 1;
	classes = {
	};
	objectVersion = 55;
	objects = {

/* Begin PBXBuildFile section */
		B0B09B917CE347EF839FB5E5 /* Pods_Bag_Pack.framework in Frameworks */ = {isa = PBXBuildFile; fileRef = 2D16D155FC6D0F403A62F531 /* Pods_Bag_Pack.framework */; };
		EB0A818427FDBF1800314D58 /* NoteTests.swift in Sources */ = {isa = PBXBuildFile; fileRef = EB0A818327FDBF1800314D58 /* NoteTests.swift */; };
		EB0A818627FDC8AB00314D58 /* Extensions.swift in Sources */ = {isa = PBXBuildFile; fileRef = EB0A818527FDC8AB00314D58 /* Extensions.swift */; };
		EB91DC4A27B7DA6600D094A0 /* EssentialTableViewCell.swift in Sources */ = {isa = PBXBuildFile; fileRef = EB91DC4827B7DA6600D094A0 /* EssentialTableViewCell.swift */; };
		EB91DC4B27B7DA6600D094A0 /* EssentialTableViewCell.xib in Resources */ = {isa = PBXBuildFile; fileRef = EB91DC4927B7DA6600D094A0 /* EssentialTableViewCell.xib */; };
		EB95016D27FAEBFE00AC10FA /* NetworkManager.swift in Sources */ = {isa = PBXBuildFile; fileRef = EB95016C27FAEBFE00AC10FA /* NetworkManager.swift */; };
		EBF1663E27FC368900D8AC4A /* TravelModel.swift in Sources */ = {isa = PBXBuildFile; fileRef = EBF1663D27FC368900D8AC4A /* TravelModel.swift */; };
		EBF1664027FC387E00D8AC4A /* DashboardTests.swift in Sources */ = {isa = PBXBuildFile; fileRef = EBF1663F27FC387E00D8AC4A /* DashboardTests.swift */; };
		EBF1664227FC46A300D8AC4A /* GlobalVariables.swift in Sources */ = {isa = PBXBuildFile; fileRef = EBF1664127FC46A300D8AC4A /* GlobalVariables.swift */; };
		EBF1664427FC481A00D8AC4A /* MockData.swift in Sources */ = {isa = PBXBuildFile; fileRef = EBF1664327FC481A00D8AC4A /* MockData.swift */; };
		EBF1664627FC4C5800D8AC4A /* AlertManager.swift in Sources */ = {isa = PBXBuildFile; fileRef = EBF1664527FC4C5800D8AC4A /* AlertManager.swift */; };
		EBF1664827FC8E3700D8AC4A /* EssentialTests.swift in Sources */ = {isa = PBXBuildFile; fileRef = EBF1664727FC8E3700D8AC4A /* EssentialTests.swift */; };
		F700B53427B3F22900BDCD37 /* AppDelegate.swift in Sources */ = {isa = PBXBuildFile; fileRef = F700B53327B3F22900BDCD37 /* AppDelegate.swift */; };
		F700B53627B3F22900BDCD37 /* SceneDelegate.swift in Sources */ = {isa = PBXBuildFile; fileRef = F700B53527B3F22900BDCD37 /* SceneDelegate.swift */; };
		F700B53827B3F22900BDCD37 /* DashboradViewController.swift in Sources */ = {isa = PBXBuildFile; fileRef = F700B53727B3F22900BDCD37 /* DashboradViewController.swift */; };
		F700B53B27B3F22900BDCD37 /* Main.storyboard in Resources */ = {isa = PBXBuildFile; fileRef = F700B53927B3F22900BDCD37 /* Main.storyboard */; };
		F700B53D27B3F22A00BDCD37 /* Assets.xcassets in Resources */ = {isa = PBXBuildFile; fileRef = F700B53C27B3F22A00BDCD37 /* Assets.xcassets */; };
		F700B54027B3F22A00BDCD37 /* LaunchScreen.storyboard in Resources */ = {isa = PBXBuildFile; fileRef = F700B53E27B3F22A00BDCD37 /* LaunchScreen.storyboard */; };
		F700B54827B3F48B00BDCD37 /* NoteViewController.swift in Sources */ = {isa = PBXBuildFile; fileRef = F700B54727B3F48B00BDCD37 /* NoteViewController.swift */; };
		F700B54A27B3F4A300BDCD37 /* EssentialViewController.swift in Sources */ = {isa = PBXBuildFile; fileRef = F700B54927B3F4A300BDCD37 /* EssentialViewController.swift */; };
		F700B54C27B3F51C00BDCD37 /* CostViewController.swift in Sources */ = {isa = PBXBuildFile; fileRef = F700B54B27B3F51C00BDCD37 /* CostViewController.swift */; };
		F700B55427B42B9400BDCD37 /* DashboardTableViewCell.swift in Sources */ = {isa = PBXBuildFile; fileRef = F700B55227B42B9400BDCD37 /* DashboardTableViewCell.swift */; };
		F700B55527B42B9400BDCD37 /* DashboardTableViewCell.xib in Resources */ = {isa = PBXBuildFile; fileRef = F700B55327B42B9400BDCD37 /* DashboardTableViewCell.xib */; };
/* End PBXBuildFile section */

/* Begin PBXContainerItemProxy section */
		EB95016627FADA8B00AC10FA /* PBXContainerItemProxy */ = {
			isa = PBXContainerItemProxy;
			containerPortal = F700B52827B3F22900BDCD37 /* Project object */;
			proxyType = 1;
			remoteGlobalIDString = F700B52F27B3F22900BDCD37;
			remoteInfo = "Bag-Pack";
		};
/* End PBXContainerItemProxy section */

/* Begin PBXFileReference section */
		2D16D155FC6D0F403A62F531 /* Pods_Bag_Pack.framework */ = {isa = PBXFileReference; explicitFileType = wrapper.framework; includeInIndex = 0; path = Pods_Bag_Pack.framework; sourceTree = BUILT_PRODUCTS_DIR; };
		8DBC46D2AA935D72779AD19E /* Pods-Bag-Pack.release.xcconfig */ = {isa = PBXFileReference; includeInIndex = 1; lastKnownFileType = text.xcconfig; name = "Pods-Bag-Pack.release.xcconfig"; path = "Target Support Files/Pods-Bag-Pack/Pods-Bag-Pack.release.xcconfig"; sourceTree = "<group>"; };
		BF3E2555C1B7B906CA9930E2 /* Pods-Bag-Pack.debug.xcconfig */ = {isa = PBXFileReference; includeInIndex = 1; lastKnownFileType = text.xcconfig; name = "Pods-Bag-Pack.debug.xcconfig"; path = "Target Support Files/Pods-Bag-Pack/Pods-Bag-Pack.debug.xcconfig"; sourceTree = "<group>"; };
		EB0A818327FDBF1800314D58 /* NoteTests.swift */ = {isa = PBXFileReference; lastKnownFileType = sourcecode.swift; path = NoteTests.swift; sourceTree = "<group>"; };
		EB0A818527FDC8AB00314D58 /* Extensions.swift */ = {isa = PBXFileReference; lastKnownFileType = sourcecode.swift; path = Extensions.swift; sourceTree = "<group>"; };
		EB91DC4827B7DA6600D094A0 /* EssentialTableViewCell.swift */ = {isa = PBXFileReference; lastKnownFileType = sourcecode.swift; path = EssentialTableViewCell.swift; sourceTree = "<group>"; };
		EB91DC4927B7DA6600D094A0 /* EssentialTableViewCell.xib */ = {isa = PBXFileReference; lastKnownFileType = file.xib; path = EssentialTableViewCell.xib; sourceTree = "<group>"; };
		EB95016227FADA8B00AC10FA /* Bag-PackTests.xctest */ = {isa = PBXFileReference; explicitFileType = wrapper.cfbundle; includeInIndex = 0; path = "Bag-PackTests.xctest"; sourceTree = BUILT_PRODUCTS_DIR; };
		EB95016C27FAEBFE00AC10FA /* NetworkManager.swift */ = {isa = PBXFileReference; lastKnownFileType = sourcecode.swift; path = NetworkManager.swift; sourceTree = "<group>"; };
		EBF1663D27FC368900D8AC4A /* TravelModel.swift */ = {isa = PBXFileReference; lastKnownFileType = sourcecode.swift; path = TravelModel.swift; sourceTree = "<group>"; };
		EBF1663F27FC387E00D8AC4A /* DashboardTests.swift */ = {isa = PBXFileReference; lastKnownFileType = sourcecode.swift; path = DashboardTests.swift; sourceTree = "<group>"; };
		EBF1664127FC46A300D8AC4A /* GlobalVariables.swift */ = {isa = PBXFileReference; lastKnownFileType = sourcecode.swift; path = GlobalVariables.swift; sourceTree = "<group>"; };
		EBF1664327FC481A00D8AC4A /* MockData.swift */ = {isa = PBXFileReference; lastKnownFileType = sourcecode.swift; path = MockData.swift; sourceTree = "<group>"; };
		EBF1664527FC4C5800D8AC4A /* AlertManager.swift */ = {isa = PBXFileReference; lastKnownFileType = sourcecode.swift; path = AlertManager.swift; sourceTree = "<group>"; };
		EBF1664727FC8E3700D8AC4A /* EssentialTests.swift */ = {isa = PBXFileReference; lastKnownFileType = sourcecode.swift; path = EssentialTests.swift; sourceTree = "<group>"; };
		F700B53027B3F22900BDCD37 /* Bag-Pack.app */ = {isa = PBXFileReference; explicitFileType = wrapper.application; includeInIndex = 0; path = "Bag-Pack.app"; sourceTree = BUILT_PRODUCTS_DIR; };
		F700B53327B3F22900BDCD37 /* AppDelegate.swift */ = {isa = PBXFileReference; lastKnownFileType = sourcecode.swift; path = AppDelegate.swift; sourceTree = "<group>"; };
		F700B53527B3F22900BDCD37 /* SceneDelegate.swift */ = {isa = PBXFileReference; lastKnownFileType = sourcecode.swift; path = SceneDelegate.swift; sourceTree = "<group>"; };
		F700B53727B3F22900BDCD37 /* DashboradViewController.swift */ = {isa = PBXFileReference; lastKnownFileType = sourcecode.swift; path = DashboradViewController.swift; sourceTree = "<group>"; };
		F700B53A27B3F22900BDCD37 /* Base */ = {isa = PBXFileReference; lastKnownFileType = file.storyboard; name = Base; path = Base.lproj/Main.storyboard; sourceTree = "<group>"; };
		F700B53C27B3F22A00BDCD37 /* Assets.xcassets */ = {isa = PBXFileReference; lastKnownFileType = folder.assetcatalog; path = Assets.xcassets; sourceTree = "<group>"; };
		F700B53F27B3F22A00BDCD37 /* Base */ = {isa = PBXFileReference; lastKnownFileType = file.storyboard; name = Base; path = Base.lproj/LaunchScreen.storyboard; sourceTree = "<group>"; };
		F700B54127B3F22A00BDCD37 /* Info.plist */ = {isa = PBXFileReference; lastKnownFileType = text.plist.xml; path = Info.plist; sourceTree = "<group>"; };
		F700B54727B3F48B00BDCD37 /* NoteViewController.swift */ = {isa = PBXFileReference; lastKnownFileType = sourcecode.swift; path = NoteViewController.swift; sourceTree = "<group>"; };
		F700B54927B3F4A300BDCD37 /* EssentialViewController.swift */ = {isa = PBXFileReference; lastKnownFileType = sourcecode.swift; path = EssentialViewController.swift; sourceTree = "<group>"; };
		F700B54B27B3F51C00BDCD37 /* CostViewController.swift */ = {isa = PBXFileReference; lastKnownFileType = sourcecode.swift; path = CostViewController.swift; sourceTree = "<group>"; };
		F700B55227B42B9400BDCD37 /* DashboardTableViewCell.swift */ = {isa = PBXFileReference; lastKnownFileType = sourcecode.swift; path = DashboardTableViewCell.swift; sourceTree = "<group>"; };
		F700B55327B42B9400BDCD37 /* DashboardTableViewCell.xib */ = {isa = PBXFileReference; lastKnownFileType = file.xib; path = DashboardTableViewCell.xib; sourceTree = "<group>"; };
/* End PBXFileReference section */

/* Begin PBXFrameworksBuildPhase section */
		EB95015F27FADA8B00AC10FA /* Frameworks */ = {
			isa = PBXFrameworksBuildPhase;
			buildActionMask = 2147483647;
			files = (
			);
			runOnlyForDeploymentPostprocessing = 0;
		};
		F700B52D27B3F22900BDCD37 /* Frameworks */ = {
			isa = PBXFrameworksBuildPhase;
			buildActionMask = 2147483647;
			files = (
				B0B09B917CE347EF839FB5E5 /* Pods_Bag_Pack.framework in Frameworks */,
			);
			runOnlyForDeploymentPostprocessing = 0;
		};
/* End PBXFrameworksBuildPhase section */

/* Begin PBXGroup section */
		13656AA0F399AD0135DA84E4 /* Pods */ = {
			isa = PBXGroup;
			children = (
				BF3E2555C1B7B906CA9930E2 /* Pods-Bag-Pack.debug.xcconfig */,
				8DBC46D2AA935D72779AD19E /* Pods-Bag-Pack.release.xcconfig */,
			);
			path = Pods;
			sourceTree = "<group>";
		};
		BEAF0A9504136E5668CFC69C /* Frameworks */ = {
			isa = PBXGroup;
			children = (
				2D16D155FC6D0F403A62F531 /* Pods_Bag_Pack.framework */,
			);
			name = Frameworks;
			sourceTree = "<group>";
		};
		EB0A818727FDC8C700314D58 /* NetworkManager */ = {
			isa = PBXGroup;
			children = (
				EB95016C27FAEBFE00AC10FA /* NetworkManager.swift */,
			);
			path = NetworkManager;
			sourceTree = "<group>";
		};
		EB0A818827FDC8E300314D58 /* MockData */ = {
			isa = PBXGroup;
			children = (
				EBF1664327FC481A00D8AC4A /* MockData.swift */,
			);
			path = MockData;
			sourceTree = "<group>";
		};
		EB0A818A27FDC8F900314D58 /* Extensions */ = {
			isa = PBXGroup;
			children = (
				EB0A818527FDC8AB00314D58 /* Extensions.swift */,
			);
			path = Extensions;
			sourceTree = "<group>";
		};
		EB0A818B27FDC90900314D58 /* Helpers */ = {
			isa = PBXGroup;
			children = (
				EBF1664527FC4C5800D8AC4A /* AlertManager.swift */,
			);
			path = Helpers;
			sourceTree = "<group>";
		};
		EB0A818C27FDC91800314D58 /* Global */ = {
			isa = PBXGroup;
			children = (
				F700B53C27B3F22A00BDCD37 /* Assets.xcassets */,
				EBF1664127FC46A300D8AC4A /* GlobalVariables.swift */,
			);
			path = Global;
			sourceTree = "<group>";
		};
		EB91DC4C27B7DA7000D094A0 /* EssentialTableViewCell */ = {
			isa = PBXGroup;
			children = (
				EB91DC4827B7DA6600D094A0 /* EssentialTableViewCell.swift */,
				EB91DC4927B7DA6600D094A0 /* EssentialTableViewCell.xib */,
			);
			path = EssentialTableViewCell;
			sourceTree = "<group>";
		};
		EB95016327FADA8B00AC10FA /* Bag-PackTests */ = {
			isa = PBXGroup;
			children = (
				EBF1663F27FC387E00D8AC4A /* DashboardTests.swift */,
				EBF1664727FC8E3700D8AC4A /* EssentialTests.swift */,
				EB0A818327FDBF1800314D58 /* NoteTests.swift */,
			);
			path = "Bag-PackTests";
			sourceTree = "<group>";
		};
		EBF1663C27FC367700D8AC4A /* API Model */ = {
			isa = PBXGroup;
			children = (
				EBF1663D27FC368900D8AC4A /* TravelModel.swift */,
			);
			path = "API Model";
			sourceTree = "<group>";
		};
		F700B52727B3F22900BDCD37 = {
			isa = PBXGroup;
			children = (
				F700B53227B3F22900BDCD37 /* Bag-Pack */,
				EB95016327FADA8B00AC10FA /* Bag-PackTests */,
				F700B53127B3F22900BDCD37 /* Products */,
				13656AA0F399AD0135DA84E4 /* Pods */,
				BEAF0A9504136E5668CFC69C /* Frameworks */,
			);
			sourceTree = "<group>";
		};
		F700B53127B3F22900BDCD37 /* Products */ = {
			isa = PBXGroup;
			children = (
				F700B53027B3F22900BDCD37 /* Bag-Pack.app */,
				EB95016227FADA8B00AC10FA /* Bag-PackTests.xctest */,
			);
			name = Products;
			sourceTree = "<group>";
		};
		F700B53227B3F22900BDCD37 /* Bag-Pack */ = {
			isa = PBXGroup;
			children = (
				F700B53327B3F22900BDCD37 /* AppDelegate.swift */,
				F700B53527B3F22900BDCD37 /* SceneDelegate.swift */,
				EB0A818727FDC8C700314D58 /* NetworkManager */,
				EBF1663C27FC367700D8AC4A /* API Model */,
				EB0A818827FDC8E300314D58 /* MockData */,
				EB0A818A27FDC8F900314D58 /* Extensions */,
				EB0A818B27FDC90900314D58 /* Helpers */,
				F700B54D27B3F56300BDCD37 /* Controllers */,
				EB91DC4C27B7DA7000D094A0 /* EssentialTableViewCell */,
				F700B55627B42B9A00BDCD37 /* DashboardTableViewCell */,
				EB0A818C27FDC91800314D58 /* Global */,
				F700B53927B3F22900BDCD37 /* Main.storyboard */,
				F700B53E27B3F22A00BDCD37 /* LaunchScreen.storyboard */,
				F700B54127B3F22A00BDCD37 /* Info.plist */,
			);
			path = "Bag-Pack";
			sourceTree = "<group>";
		};
		F700B54D27B3F56300BDCD37 /* Controllers */ = {
			isa = PBXGroup;
			children = (
				F700B53727B3F22900BDCD37 /* DashboradViewController.swift */,
				F700B54927B3F4A300BDCD37 /* EssentialViewController.swift */,
				F700B54B27B3F51C00BDCD37 /* CostViewController.swift */,
				F700B54727B3F48B00BDCD37 /* NoteViewController.swift */,
			);
			path = Controllers;
			sourceTree = "<group>";
		};
		F700B55627B42B9A00BDCD37 /* DashboardTableViewCell */ = {
			isa = PBXGroup;
			children = (
				F700B55227B42B9400BDCD37 /* DashboardTableViewCell.swift */,
				F700B55327B42B9400BDCD37 /* DashboardTableViewCell.xib */,
			);
			path = DashboardTableViewCell;
			sourceTree = "<group>";
		};
/* End PBXGroup section */

/* Begin PBXNativeTarget section */
		EB95016127FADA8B00AC10FA /* Bag-PackTests */ = {
			isa = PBXNativeTarget;
			buildConfigurationList = EB95016A27FADA8B00AC10FA /* Build configuration list for PBXNativeTarget "Bag-PackTests" */;
			buildPhases = (
				EB95015E27FADA8B00AC10FA /* Sources */,
				EB95015F27FADA8B00AC10FA /* Frameworks */,
				EB95016027FADA8B00AC10FA /* Resources */,
			);
			buildRules = (
			);
			dependencies = (
				EB95016727FADA8B00AC10FA /* PBXTargetDependency */,
			);
			name = "Bag-PackTests";
			productName = "Bag-PackTests";
			productReference = EB95016227FADA8B00AC10FA /* Bag-PackTests.xctest */;
			productType = "com.apple.product-type.bundle.unit-test";
		};
		F700B52F27B3F22900BDCD37 /* Bag-Pack */ = {
			isa = PBXNativeTarget;
			buildConfigurationList = F700B54427B3F22A00BDCD37 /* Build configuration list for PBXNativeTarget "Bag-Pack" */;
			buildPhases = (
				E33054AF30974EFD98C166BA /* [CP] Check Pods Manifest.lock */,
				F700B52C27B3F22900BDCD37 /* Sources */,
				F700B52D27B3F22900BDCD37 /* Frameworks */,
				F700B52E27B3F22900BDCD37 /* Resources */,
				9B48DEA1A776024E3A3B439A /* [CP] Embed Pods Frameworks */,
			);
			buildRules = (
			);
			dependencies = (
			);
			name = "Bag-Pack";
			productName = "Bag-Pack";
			productReference = F700B53027B3F22900BDCD37 /* Bag-Pack.app */;
			productType = "com.apple.product-type.application";
		};
/* End PBXNativeTarget section */

/* Begin PBXProject section */
		F700B52827B3F22900BDCD37 /* Project object */ = {
			isa = PBXProject;
			attributes = {
				BuildIndependentTargetsInParallel = 1;
				LastSwiftUpdateCheck = 1330;
				LastUpgradeCheck = 1320;
				TargetAttributes = {
					EB95016127FADA8B00AC10FA = {
						CreatedOnToolsVersion = 13.3;
						TestTargetID = F700B52F27B3F22900BDCD37;
					};
					F700B52F27B3F22900BDCD37 = {
						CreatedOnToolsVersion = 13.2.1;
					};
				};
			};
			buildConfigurationList = F700B52B27B3F22900BDCD37 /* Build configuration list for PBXProject "Bag-Pack" */;
			compatibilityVersion = "Xcode 13.0";
			developmentRegion = en;
			hasScannedForEncodings = 0;
			knownRegions = (
				en,
				Base,
			);
			mainGroup = F700B52727B3F22900BDCD37;
			productRefGroup = F700B53127B3F22900BDCD37 /* Products */;
			projectDirPath = "";
			projectRoot = "";
			targets = (
				F700B52F27B3F22900BDCD37 /* Bag-Pack */,
				EB95016127FADA8B00AC10FA /* Bag-PackTests */,
			);
		};
/* End PBXProject section */

/* Begin PBXResourcesBuildPhase section */
		EB95016027FADA8B00AC10FA /* Resources */ = {
			isa = PBXResourcesBuildPhase;
			buildActionMask = 2147483647;
			files = (
			);
			runOnlyForDeploymentPostprocessing = 0;
		};
		F700B52E27B3F22900BDCD37 /* Resources */ = {
			isa = PBXResourcesBuildPhase;
			buildActionMask = 2147483647;
			files = (
				F700B54027B3F22A00BDCD37 /* LaunchScreen.storyboard in Resources */,
				F700B53D27B3F22A00BDCD37 /* Assets.xcassets in Resources */,
				F700B55527B42B9400BDCD37 /* DashboardTableViewCell.xib in Resources */,
				F700B53B27B3F22900BDCD37 /* Main.storyboard in Resources */,
				EB91DC4B27B7DA6600D094A0 /* EssentialTableViewCell.xib in Resources */,
			);
			runOnlyForDeploymentPostprocessing = 0;
		};
/* End PBXResourcesBuildPhase section */

/* Begin PBXShellScriptBuildPhase section */
		9B48DEA1A776024E3A3B439A /* [CP] Embed Pods Frameworks */ = {
			isa = PBXShellScriptBuildPhase;
			buildActionMask = 2147483647;
			files = (
			);
			inputFileListPaths = (
				"${PODS_ROOT}/Target Support Files/Pods-Bag-Pack/Pods-Bag-Pack-frameworks-${CONFIGURATION}-input-files.xcfilelist",
			);
			name = "[CP] Embed Pods Frameworks";
			outputFileListPaths = (
				"${PODS_ROOT}/Target Support Files/Pods-Bag-Pack/Pods-Bag-Pack-frameworks-${CONFIGURATION}-output-files.xcfilelist",
			);
			runOnlyForDeploymentPostprocessing = 0;
			shellPath = /bin/sh;
			shellScript = "\"${PODS_ROOT}/Target Support Files/Pods-Bag-Pack/Pods-Bag-Pack-frameworks.sh\"\n";
			showEnvVarsInLog = 0;
		};
		E33054AF30974EFD98C166BA /* [CP] Check Pods Manifest.lock */ = {
			isa = PBXShellScriptBuildPhase;
			buildActionMask = 2147483647;
			files = (
			);
			inputFileListPaths = (
			);
			inputPaths = (
				"${PODS_PODFILE_DIR_PATH}/Podfile.lock",
				"${PODS_ROOT}/Manifest.lock",
			);
			name = "[CP] Check Pods Manifest.lock";
			outputFileListPaths = (
			);
			outputPaths = (
				"$(DERIVED_FILE_DIR)/Pods-Bag-Pack-checkManifestLockResult.txt",
			);
			runOnlyForDeploymentPostprocessing = 0;
			shellPath = /bin/sh;
			shellScript = "diff \"${PODS_PODFILE_DIR_PATH}/Podfile.lock\" \"${PODS_ROOT}/Manifest.lock\" > /dev/null\nif [ $? != 0 ] ; then\n    # print error to STDERR\n    echo \"error: The sandbox is not in sync with the Podfile.lock. Run 'pod install' or update your CocoaPods installation.\" >&2\n    exit 1\nfi\n# This output is used by Xcode 'outputs' to avoid re-running this script phase.\necho \"SUCCESS\" > \"${SCRIPT_OUTPUT_FILE_0}\"\n";
			showEnvVarsInLog = 0;
		};
/* End PBXShellScriptBuildPhase section */

/* Begin PBXSourcesBuildPhase section */
		EB95015E27FADA8B00AC10FA /* Sources */ = {
			isa = PBXSourcesBuildPhase;
			buildActionMask = 2147483647;
			files = (
				EB0A818427FDBF1800314D58 /* NoteTests.swift in Sources */,
				EBF1664027FC387E00D8AC4A /* DashboardTests.swift in Sources */,
				EBF1664827FC8E3700D8AC4A /* EssentialTests.swift in Sources */,
			);
			runOnlyForDeploymentPostprocessing = 0;
		};
		F700B52C27B3F22900BDCD37 /* Sources */ = {
			isa = PBXSourcesBuildPhase;
			buildActionMask = 2147483647;
			files = (
				EB95016D27FAEBFE00AC10FA /* NetworkManager.swift in Sources */,
				EBF1664427FC481A00D8AC4A /* MockData.swift in Sources */,
				F700B54A27B3F4A300BDCD37 /* EssentialViewController.swift in Sources */,
				F700B53827B3F22900BDCD37 /* DashboradViewController.swift in Sources */,
				EB91DC4A27B7DA6600D094A0 /* EssentialTableViewCell.swift in Sources */,
				EBF1664627FC4C5800D8AC4A /* AlertManager.swift in Sources */,
				F700B54C27B3F51C00BDCD37 /* CostViewController.swift in Sources */,
				F700B54827B3F48B00BDCD37 /* NoteViewController.swift in Sources */,
				EBF1664227FC46A300D8AC4A /* GlobalVariables.swift in Sources */,
				F700B53427B3F22900BDCD37 /* AppDelegate.swift in Sources */,
				EBF1663E27FC368900D8AC4A /* TravelModel.swift in Sources */,
				F700B53627B3F22900BDCD37 /* SceneDelegate.swift in Sources */,
				F700B55427B42B9400BDCD37 /* DashboardTableViewCell.swift in Sources */,
				EB0A818627FDC8AB00314D58 /* Extensions.swift in Sources */,
			);
			runOnlyForDeploymentPostprocessing = 0;
		};
/* End PBXSourcesBuildPhase section */

/* Begin PBXTargetDependency section */
		EB95016727FADA8B00AC10FA /* PBXTargetDependency */ = {
			isa = PBXTargetDependency;
			target = F700B52F27B3F22900BDCD37 /* Bag-Pack */;
			targetProxy = EB95016627FADA8B00AC10FA /* PBXContainerItemProxy */;
		};
/* End PBXTargetDependency section */

/* Begin PBXVariantGroup section */
		F700B53927B3F22900BDCD37 /* Main.storyboard */ = {
			isa = PBXVariantGroup;
			children = (
				F700B53A27B3F22900BDCD37 /* Base */,
			);
			name = Main.storyboard;
			sourceTree = "<group>";
		};
		F700B53E27B3F22A00BDCD37 /* LaunchScreen.storyboard */ = {
			isa = PBXVariantGroup;
			children = (
				F700B53F27B3F22A00BDCD37 /* Base */,
			);
			name = LaunchScreen.storyboard;
			sourceTree = "<group>";
		};
/* End PBXVariantGroup section */

/* Begin XCBuildConfiguration section */
		EB95016827FADA8B00AC10FA /* Debug */ = {
			isa = XCBuildConfiguration;
			buildSettings = {
				BUNDLE_LOADER = "$(TEST_HOST)";
				CODE_SIGN_STYLE = Automatic;
				CURRENT_PROJECT_VERSION = 1;
				DEVELOPMENT_TEAM = 8U9S422V4H;
				GENERATE_INFOPLIST_FILE = YES;
				IPHONEOS_DEPLOYMENT_TARGET = 15.4;
				MARKETING_VERSION = 1.0;
				PRODUCT_BUNDLE_IDENTIFIER = "com.raywenderlich.Bag-PackTests";
				PRODUCT_NAME = "$(TARGET_NAME)";
				SWIFT_EMIT_LOC_STRINGS = NO;
				SWIFT_VERSION = 5.0;
				TARGETED_DEVICE_FAMILY = "1,2";
				TEST_HOST = "$(BUILT_PRODUCTS_DIR)/Bag-Pack.app/Bag-Pack";
			};
			name = Debug;
		};
		EB95016927FADA8B00AC10FA /* Release */ = {
			isa = XCBuildConfiguration;
			buildSettings = {
				BUNDLE_LOADER = "$(TEST_HOST)";
				CODE_SIGN_STYLE = Automatic;
				CURRENT_PROJECT_VERSION = 1;
				DEVELOPMENT_TEAM = 8U9S422V4H;
				GENERATE_INFOPLIST_FILE = YES;
				IPHONEOS_DEPLOYMENT_TARGET = 15.4;
				MARKETING_VERSION = 1.0;
				PRODUCT_BUNDLE_IDENTIFIER = "com.raywenderlich.Bag-PackTests";
				PRODUCT_NAME = "$(TARGET_NAME)";
				SWIFT_EMIT_LOC_STRINGS = NO;
				SWIFT_VERSION = 5.0;
				TARGETED_DEVICE_FAMILY = "1,2";
				TEST_HOST = "$(BUILT_PRODUCTS_DIR)/Bag-Pack.app/Bag-Pack";
			};
			name = Release;
		};
		F700B54227B3F22A00BDCD37 /* Debug */ = {
			isa = XCBuildConfiguration;
			buildSettings = {
				ALWAYS_SEARCH_USER_PATHS = NO;
				CLANG_ANALYZER_NONNULL = YES;
				CLANG_ANALYZER_NUMBER_OBJECT_CONVERSION = YES_AGGRESSIVE;
				CLANG_CXX_LANGUAGE_STANDARD = "gnu++17";
				CLANG_CXX_LIBRARY = "libc++";
				CLANG_ENABLE_MODULES = YES;
				CLANG_ENABLE_OBJC_ARC = YES;
				CLANG_ENABLE_OBJC_WEAK = YES;
				CLANG_WARN_BLOCK_CAPTURE_AUTORELEASING = YES;
				CLANG_WARN_BOOL_CONVERSION = YES;
				CLANG_WARN_COMMA = YES;
				CLANG_WARN_CONSTANT_CONVERSION = YES;
				CLANG_WARN_DEPRECATED_OBJC_IMPLEMENTATIONS = YES;
				CLANG_WARN_DIRECT_OBJC_ISA_USAGE = YES_ERROR;
				CLANG_WARN_DOCUMENTATION_COMMENTS = YES;
				CLANG_WARN_EMPTY_BODY = YES;
				CLANG_WARN_ENUM_CONVERSION = YES;
				CLANG_WARN_INFINITE_RECURSION = YES;
				CLANG_WARN_INT_CONVERSION = YES;
				CLANG_WARN_NON_LITERAL_NULL_CONVERSION = YES;
				CLANG_WARN_OBJC_IMPLICIT_RETAIN_SELF = YES;
				CLANG_WARN_OBJC_LITERAL_CONVERSION = YES;
				CLANG_WARN_OBJC_ROOT_CLASS = YES_ERROR;
				CLANG_WARN_QUOTED_INCLUDE_IN_FRAMEWORK_HEADER = YES;
				CLANG_WARN_RANGE_LOOP_ANALYSIS = YES;
				CLANG_WARN_STRICT_PROTOTYPES = YES;
				CLANG_WARN_SUSPICIOUS_MOVE = YES;
				CLANG_WARN_UNGUARDED_AVAILABILITY = YES_AGGRESSIVE;
				CLANG_WARN_UNREACHABLE_CODE = YES;
				CLANG_WARN__DUPLICATE_METHOD_MATCH = YES;
				COPY_PHASE_STRIP = NO;
				DEBUG_INFORMATION_FORMAT = dwarf;
				ENABLE_STRICT_OBJC_MSGSEND = YES;
				ENABLE_TESTABILITY = YES;
				GCC_C_LANGUAGE_STANDARD = gnu11;
				GCC_DYNAMIC_NO_PIC = NO;
				GCC_NO_COMMON_BLOCKS = YES;
				GCC_OPTIMIZATION_LEVEL = 0;
				GCC_PREPROCESSOR_DEFINITIONS = (
					"DEBUG=1",
					"$(inherited)",
				);
				GCC_WARN_64_TO_32_BIT_CONVERSION = YES;
				GCC_WARN_ABOUT_RETURN_TYPE = YES_ERROR;
				GCC_WARN_UNDECLARED_SELECTOR = YES;
				GCC_WARN_UNINITIALIZED_AUTOS = YES_AGGRESSIVE;
				GCC_WARN_UNUSED_FUNCTION = YES;
				GCC_WARN_UNUSED_VARIABLE = YES;
				IPHONEOS_DEPLOYMENT_TARGET = 15.2;
				MTL_ENABLE_DEBUG_INFO = INCLUDE_SOURCE;
				MTL_FAST_MATH = YES;
				ONLY_ACTIVE_ARCH = YES;
				SDKROOT = iphoneos;
				SWIFT_ACTIVE_COMPILATION_CONDITIONS = DEBUG;
				SWIFT_OPTIMIZATION_LEVEL = "-Onone";
			};
			name = Debug;
		};
		F700B54327B3F22A00BDCD37 /* Release */ = {
			isa = XCBuildConfiguration;
			buildSettings = {
				ALWAYS_SEARCH_USER_PATHS = NO;
				CLANG_ANALYZER_NONNULL = YES;
				CLANG_ANALYZER_NUMBER_OBJECT_CONVERSION = YES_AGGRESSIVE;
				CLANG_CXX_LANGUAGE_STANDARD = "gnu++17";
				CLANG_CXX_LIBRARY = "libc++";
				CLANG_ENABLE_MODULES = YES;
				CLANG_ENABLE_OBJC_ARC = YES;
				CLANG_ENABLE_OBJC_WEAK = YES;
				CLANG_WARN_BLOCK_CAPTURE_AUTORELEASING = YES;
				CLANG_WARN_BOOL_CONVERSION = YES;
				CLANG_WARN_COMMA = YES;
				CLANG_WARN_CONSTANT_CONVERSION = YES;
				CLANG_WARN_DEPRECATED_OBJC_IMPLEMENTATIONS = YES;
				CLANG_WARN_DIRECT_OBJC_ISA_USAGE = YES_ERROR;
				CLANG_WARN_DOCUMENTATION_COMMENTS = YES;
				CLANG_WARN_EMPTY_BODY = YES;
				CLANG_WARN_ENUM_CONVERSION = YES;
				CLANG_WARN_INFINITE_RECURSION = YES;
				CLANG_WARN_INT_CONVERSION = YES;
				CLANG_WARN_NON_LITERAL_NULL_CONVERSION = YES;
				CLANG_WARN_OBJC_IMPLICIT_RETAIN_SELF = YES;
				CLANG_WARN_OBJC_LITERAL_CONVERSION = YES;
				CLANG_WARN_OBJC_ROOT_CLASS = YES_ERROR;
				CLANG_WARN_QUOTED_INCLUDE_IN_FRAMEWORK_HEADER = YES;
				CLANG_WARN_RANGE_LOOP_ANALYSIS = YES;
				CLANG_WARN_STRICT_PROTOTYPES = YES;
				CLANG_WARN_SUSPICIOUS_MOVE = YES;
				CLANG_WARN_UNGUARDED_AVAILABILITY = YES_AGGRESSIVE;
				CLANG_WARN_UNREACHABLE_CODE = YES;
				CLANG_WARN__DUPLICATE_METHOD_MATCH = YES;
				COPY_PHASE_STRIP = NO;
				DEBUG_INFORMATION_FORMAT = "dwarf-with-dsym";
				ENABLE_NS_ASSERTIONS = NO;
				ENABLE_STRICT_OBJC_MSGSEND = YES;
				GCC_C_LANGUAGE_STANDARD = gnu11;
				GCC_NO_COMMON_BLOCKS = YES;
				GCC_WARN_64_TO_32_BIT_CONVERSION = YES;
				GCC_WARN_ABOUT_RETURN_TYPE = YES_ERROR;
				GCC_WARN_UNDECLARED_SELECTOR = YES;
				GCC_WARN_UNINITIALIZED_AUTOS = YES_AGGRESSIVE;
				GCC_WARN_UNUSED_FUNCTION = YES;
				GCC_WARN_UNUSED_VARIABLE = YES;
				IPHONEOS_DEPLOYMENT_TARGET = 15.2;
				MTL_ENABLE_DEBUG_INFO = NO;
				MTL_FAST_MATH = YES;
				SDKROOT = iphoneos;
				SWIFT_COMPILATION_MODE = wholemodule;
				SWIFT_OPTIMIZATION_LEVEL = "-O";
				VALIDATE_PRODUCT = YES;
			};
			name = Release;
		};
		F700B54527B3F22A00BDCD37 /* Debug */ = {
			isa = XCBuildConfiguration;
			baseConfigurationReference = BF3E2555C1B7B906CA9930E2 /* Pods-Bag-Pack.debug.xcconfig */;
			buildSettings = {
				ASSETCATALOG_COMPILER_APPICON_NAME = AppIcon;
				ASSETCATALOG_COMPILER_GLOBAL_ACCENT_COLOR_NAME = AccentColor;
				CODE_SIGN_STYLE = Automatic;
				CURRENT_PROJECT_VERSION = 1;
				DEVELOPMENT_TEAM = 967Q89UR83;
				GENERATE_INFOPLIST_FILE = YES;
				INFOPLIST_FILE = "Bag-Pack/Info.plist";
				INFOPLIST_KEY_UIApplicationSupportsIndirectInputEvents = YES;
				INFOPLIST_KEY_UILaunchStoryboardName = LaunchScreen;
				INFOPLIST_KEY_UIMainStoryboardFile = Main;
				INFOPLIST_KEY_UISupportedInterfaceOrientations_iPad = "UIInterfaceOrientationPortrait UIInterfaceOrientationPortraitUpsideDown UIInterfaceOrientationLandscapeLeft UIInterfaceOrientationLandscapeRight";
				INFOPLIST_KEY_UISupportedInterfaceOrientations_iPhone = "UIInterfaceOrientationPortrait UIInterfaceOrientationLandscapeLeft UIInterfaceOrientationLandscapeRight";
				IPHONEOS_DEPLOYMENT_TARGET = 11.0;
				LD_RUNPATH_SEARCH_PATHS = (
					"$(inherited)",
					"@executable_path/Frameworks",
				);
				MARKETING_VERSION = 1.0;
				PRODUCT_BUNDLE_IDENTIFIER = "rezakashkoul.Bag-Pack";
				PRODUCT_NAME = "$(TARGET_NAME)";
				SWIFT_EMIT_LOC_STRINGS = YES;
				SWIFT_VERSION = 5.0;
				TARGETED_DEVICE_FAMILY = 1;
			};
			name = Debug;
		};
		F700B54627B3F22A00BDCD37 /* Release */ = {
			isa = XCBuildConfiguration;
			baseConfigurationReference = 8DBC46D2AA935D72779AD19E /* Pods-Bag-Pack.release.xcconfig */;
			buildSettings = {
				ASSETCATALOG_COMPILER_APPICON_NAME = AppIcon;
				ASSETCATALOG_COMPILER_GLOBAL_ACCENT_COLOR_NAME = AccentColor;
				CODE_SIGN_STYLE = Automatic;
				CURRENT_PROJECT_VERSION = 1;
				DEVELOPMENT_TEAM = 967Q89UR83;
				GENERATE_INFOPLIST_FILE = YES;
				INFOPLIST_FILE = "Bag-Pack/Info.plist";
				INFOPLIST_KEY_UIApplicationSupportsIndirectInputEvents = YES;
				INFOPLIST_KEY_UILaunchStoryboardName = LaunchScreen;
				INFOPLIST_KEY_UIMainStoryboardFile = Main;
				INFOPLIST_KEY_UISupportedInterfaceOrientations_iPad = "UIInterfaceOrientationPortrait UIInterfaceOrientationPortraitUpsideDown UIInterfaceOrientationLandscapeLeft UIInterfaceOrientationLandscapeRight";
				INFOPLIST_KEY_UISupportedInterfaceOrientations_iPhone = "UIInterfaceOrientationPortrait UIInterfaceOrientationLandscapeLeft UIInterfaceOrientationLandscapeRight";
				IPHONEOS_DEPLOYMENT_TARGET = 11.0;
				LD_RUNPATH_SEARCH_PATHS = (
					"$(inherited)",
					"@executable_path/Frameworks",
				);
				MARKETING_VERSION = 1.0;
				PRODUCT_BUNDLE_IDENTIFIER = "rezakashkoul.Bag-Pack";
				PRODUCT_NAME = "$(TARGET_NAME)";
				SWIFT_EMIT_LOC_STRINGS = YES;
				SWIFT_VERSION = 5.0;
				TARGETED_DEVICE_FAMILY = 1;
			};
			name = Release;
		};
/* End XCBuildConfiguration section */

/* Begin XCConfigurationList section */
		EB95016A27FADA8B00AC10FA /* Build configuration list for PBXNativeTarget "Bag-PackTests" */ = {
			isa = XCConfigurationList;
			buildConfigurations = (
				EB95016827FADA8B00AC10FA /* Debug */,
				EB95016927FADA8B00AC10FA /* Release */,
			);
			defaultConfigurationIsVisible = 0;
			defaultConfigurationName = Release;
		};
		F700B52B27B3F22900BDCD37 /* Build configuration list for PBXProject "Bag-Pack" */ = {
			isa = XCConfigurationList;
			buildConfigurations = (
				F700B54227B3F22A00BDCD37 /* Debug */,
				F700B54327B3F22A00BDCD37 /* Release */,
			);
			defaultConfigurationIsVisible = 0;
			defaultConfigurationName = Release;
		};
		F700B54427B3F22A00BDCD37 /* Build configuration list for PBXNativeTarget "Bag-Pack" */ = {
			isa = XCConfigurationList;
			buildConfigurations = (
				F700B54527B3F22A00BDCD37 /* Debug */,
				F700B54627B3F22A00BDCD37 /* Release */,
			);
			defaultConfigurationIsVisible = 0;
			defaultConfigurationName = Release;
		};
/* End XCConfigurationList section */
	};
	rootObject = F700B52827B3F22900BDCD37 /* Project object */;
}
