PODS:
  - IQKeyboardManagerSwift (6.5.9)
  - netfox (1.20.0)

DEPENDENCIES:
  - IQKeyboardManagerSwift
  - netfox

SPEC REPOS:
  trunk:
    - IQKeyboardManagerSwift
    - netfox

SPEC CHECKSUMS:
  IQKeyboardManagerSwift: 6e839c575c4aa1078d58a596e41244e77abe918f
  netfox: 6b5c9724304b0cd99ca8515ac732a9f710e4ea5f

PODFILE CHECKSUM: fc662bad3eee2bf6556b5335d90b687d3dcef818

COCOAPODS: 1.11.2
