{
  "pins" : [
    {
      "identity" : "applewelcomescreen",
      "kind" : "remoteSourceControl",
      "location" : "https://github.com/WilsonGramer/AppleWelcomeScreen.git",
      "state" : {
        "revision" : "86034118ff532aefa588275db8c057dc67297787",
        "version" : "2.1.0"
      }
    }
  ],
  "version" : 2
}
